// !$*UTF8*$!
{
	archiveVersion = 1;
	classes = {
	};
	objectVersion = 48;
	objects = {

/* Begin PBXBuildFile section */
		5032D88420EE188A00B259BA /* GaleryVM.swift in Sources */ = {isa = PBXBuildFile; fileRef = 5032D88320EE188A00B259BA /* GaleryVM.swift */; };
		5032D88620EE18A100B259BA /* CampaignDetailsVM.swift in Sources */ = {isa = PBXBuildFile; fileRef = 5032D88520EE18A100B259BA /* CampaignDetailsVM.swift */; };
		5032D88820EE18AF00B259BA /* AuthorDetailsVM.swift in Sources */ = {isa = PBXBuildFile; fileRef = 5032D88720EE18AF00B259BA /* AuthorDetailsVM.swift */; };
		5032D88C20EE24C000B259BA /* GalleryCell.xib in Resources */ = {isa = PBXBuildFile; fileRef = 5032D88A20EE24C000B259BA /* GalleryCell.xib */; };
		5032D88D20EE24C000B259BA /* GalleryCell.swift in Sources */ = {isa = PBXBuildFile; fileRef = 5032D88B20EE24C000B259BA /* GalleryCell.swift */; };
		5032D89020EE254000B259BA /* CampaignDescriptionCell.swift in Sources */ = {isa = PBXBuildFile; fileRef = 5032D88E20EE254000B259BA /* CampaignDescriptionCell.swift */; };
		5032D89120EE254000B259BA /* CampaignDescriptionCell.xib in Resources */ = {isa = PBXBuildFile; fileRef = 5032D88F20EE254000B259BA /* CampaignDescriptionCell.xib */; };
		5032D89420EE269400B259BA /* CampaignDetailedCell.swift in Sources */ = {isa = PBXBuildFile; fileRef = 5032D89220EE269400B259BA /* CampaignDetailedCell.swift */; };
		5032D89520EE269400B259BA /* CampaignDetailedCell.xib in Resources */ = {isa = PBXBuildFile; fileRef = 5032D89320EE269400B259BA /* CampaignDetailedCell.xib */; };
		5032D89820EE26B400B259BA /* AuthorDetailsCell.swift in Sources */ = {isa = PBXBuildFile; fileRef = 5032D89620EE26B400B259BA /* AuthorDetailsCell.swift */; };
		5032D89920EE26B400B259BA /* AuthorDetailsCell.xib in Resources */ = {isa = PBXBuildFile; fileRef = 5032D89720EE26B400B259BA /* AuthorDetailsCell.xib */; };
		50394C5D20EA347F0079575D /* HelpCircleImageView.swift in Sources */ = {isa = PBXBuildFile; fileRef = 50394C5C20EA347F0079575D /* HelpCircleImageView.swift */; };
		50394C5F20EA463A0079575D /* HelpButton.swift in Sources */ = {isa = PBXBuildFile; fileRef = 50394C5E20EA463A0079575D /* HelpButton.swift */; };
		50394C6520EA49D50079575D /* GaleryParentVC.swift in Sources */ = {isa = PBXBuildFile; fileRef = 50394C6420EA49D50079575D /* GaleryParentVC.swift */; };
		50394C6720EA4A660079575D /* GaleryChildVC.swift in Sources */ = {isa = PBXBuildFile; fileRef = 50394C6620EA4A660079575D /* GaleryChildVC.swift */; };
		5040F0AA20D7EA970030183D /* AppDelegate.swift in Sources */ = {isa = PBXBuildFile; fileRef = 5040F0A920D7EA970030183D /* AppDelegate.swift */; };
		5040F0AF20D7EA970030183D /* Dashboard.storyboard in Resources */ = {isa = PBXBuildFile; fileRef = 5040F0AD20D7EA970030183D /* Dashboard.storyboard */; };
		5040F0B120D7EA970030183D /* Assets.xcassets in Resources */ = {isa = PBXBuildFile; fileRef = 5040F0B020D7EA970030183D /* Assets.xcassets */; };
		5040F0B420D7EA970030183D /* LaunchScreen.storyboard in Resources */ = {isa = PBXBuildFile; fileRef = 5040F0B220D7EA970030183D /* LaunchScreen.storyboard */; };
		5040F0BF20D7EA970030183D /* GoHelpFund_PlatformTests.swift in Sources */ = {isa = PBXBuildFile; fileRef = 5040F0BE20D7EA970030183D /* GoHelpFund_PlatformTests.swift */; };
		504F47B720E3D4B8005FF749 /* ApiService.swift in Sources */ = {isa = PBXBuildFile; fileRef = 504F47B620E3D4B8005FF749 /* ApiService.swift */; };
		504F47B920E3DA7C005FF749 /* CampaignService.swift in Sources */ = {isa = PBXBuildFile; fileRef = 504F47B820E3DA7C005FF749 /* CampaignService.swift */; };
		504F47BC20E4EE1B005FF749 /* Campaign.swift in Sources */ = {isa = PBXBuildFile; fileRef = 504F47BB20E4EE1B005FF749 /* Campaign.swift */; };
		504F47C420E62DEC005FF749 /* CampaignListVC.swift in Sources */ = {isa = PBXBuildFile; fileRef = 504F47C220E62DEC005FF749 /* CampaignListVC.swift */; };
		504F47C720E62EAC005FF749 /* CampaignDetailsVC.swift in Sources */ = {isa = PBXBuildFile; fileRef = 504F47C620E62EAC005FF749 /* CampaignDetailsVC.swift */; };
		504F47C920E62F0D005FF749 /* DashboardTabController.swift in Sources */ = {isa = PBXBuildFile; fileRef = 504F47C820E62F0D005FF749 /* DashboardTabController.swift */; };
		504F47D120E631E9005FF749 /* BaseCell.swift in Sources */ = {isa = PBXBuildFile; fileRef = 504F47D020E631E9005FF749 /* BaseCell.swift */; };
		504F47D420E6323D005FF749 /* CampaignListCell.swift in Sources */ = {isa = PBXBuildFile; fileRef = 504F47D220E6323D005FF749 /* CampaignListCell.swift */; };
		504F47D520E6323D005FF749 /* CampaignListCell.xib in Resources */ = {isa = PBXBuildFile; fileRef = 504F47D320E6323D005FF749 /* CampaignListCell.xib */; };
		504F47D720E6735F005FF749 /* DateHelper.swift in Sources */ = {isa = PBXBuildFile; fileRef = 504F47D620E6735F005FF749 /* DateHelper.swift */; };
		5050CA3A2110652C00015F31 /* CreateCampaign.storyboard in Resources */ = {isa = PBXBuildFile; fileRef = 5050CA392110652C00015F31 /* CreateCampaign.storyboard */; };
		5050CA3D211065C500015F31 /* CreateCampaignVC.swift in Sources */ = {isa = PBXBuildFile; fileRef = 5050CA3C211065C500015F31 /* CreateCampaignVC.swift */; };
		509E0CC9210234EA00827862 /* CampaignNavigation.swift in Sources */ = {isa = PBXBuildFile; fileRef = 509E0CC8210234EA00827862 /* CampaignNavigation.swift */; };
		802F8BD56057EFDE3678F6AE /* Pods_GoHelpFund_Platform.framework in Frameworks */ = {isa = PBXBuildFile; fileRef = 77D5864B2DB28C5490725C52 /* Pods_GoHelpFund_Platform.framework */; };
/* End PBXBuildFile section */

/* Begin PBXContainerItemProxy section */
		5040F0BB20D7EA970030183D /* PBXContainerItemProxy */ = {
			isa = PBXContainerItemProxy;
			containerPortal = 5040F09E20D7EA970030183D /* Project object */;
			proxyType = 1;
			remoteGlobalIDString = 5040F0A520D7EA970030183D;
			remoteInfo = "GoHelpFund-Platform";
		};
/* End PBXContainerItemProxy section */

/* Begin PBXFileReference section */
		37E8026CC73F39A45A199FC6 /* Pods-GoHelpFund-Platform.release.xcconfig */ = {isa = PBXFileReference; includeInIndex = 1; lastKnownFileType = text.xcconfig; name = "Pods-GoHelpFund-Platform.release.xcconfig"; path = "Pods/Target Support Files/Pods-GoHelpFund-Platform/Pods-GoHelpFund-Platform.release.xcconfig"; sourceTree = "<group>"; };
		48CF7A0513FF4D364A39C8F8 /* Pods-GoHelpFund-Platform.debug.xcconfig */ = {isa = PBXFileReference; includeInIndex = 1; lastKnownFileType = text.xcconfig; name = "Pods-GoHelpFund-Platform.debug.xcconfig"; path = "Pods/Target Support Files/Pods-GoHelpFund-Platform/Pods-GoHelpFund-Platform.debug.xcconfig"; sourceTree = "<group>"; };
		5032D88320EE188A00B259BA /* GaleryVM.swift */ = {isa = PBXFileReference; lastKnownFileType = sourcecode.swift; path = GaleryVM.swift; sourceTree = "<group>"; };
		5032D88520EE18A100B259BA /* CampaignDetailsVM.swift */ = {isa = PBXFileReference; lastKnownFileType = sourcecode.swift; path = CampaignDetailsVM.swift; sourceTree = "<group>"; };
		5032D88720EE18AF00B259BA /* AuthorDetailsVM.swift */ = {isa = PBXFileReference; lastKnownFileType = sourcecode.swift; path = AuthorDetailsVM.swift; sourceTree = "<group>"; };
		5032D88A20EE24C000B259BA /* GalleryCell.xib */ = {isa = PBXFileReference; fileEncoding = 4; lastKnownFileType = file.xib; path = GalleryCell.xib; sourceTree = "<group>"; };
		5032D88B20EE24C000B259BA /* GalleryCell.swift */ = {isa = PBXFileReference; fileEncoding = 4; lastKnownFileType = sourcecode.swift; path = GalleryCell.swift; sourceTree = "<group>"; };
		5032D88E20EE254000B259BA /* CampaignDescriptionCell.swift */ = {isa = PBXFileReference; lastKnownFileType = sourcecode.swift; path = CampaignDescriptionCell.swift; sourceTree = "<group>"; };
		5032D88F20EE254000B259BA /* CampaignDescriptionCell.xib */ = {isa = PBXFileReference; lastKnownFileType = file.xib; path = CampaignDescriptionCell.xib; sourceTree = "<group>"; };
		5032D89220EE269400B259BA /* CampaignDetailedCell.swift */ = {isa = PBXFileReference; lastKnownFileType = sourcecode.swift; path = CampaignDetailedCell.swift; sourceTree = "<group>"; };
		5032D89320EE269400B259BA /* CampaignDetailedCell.xib */ = {isa = PBXFileReference; lastKnownFileType = file.xib; path = CampaignDetailedCell.xib; sourceTree = "<group>"; };
		5032D89620EE26B400B259BA /* AuthorDetailsCell.swift */ = {isa = PBXFileReference; lastKnownFileType = sourcecode.swift; path = AuthorDetailsCell.swift; sourceTree = "<group>"; };
		5032D89720EE26B400B259BA /* AuthorDetailsCell.xib */ = {isa = PBXFileReference; lastKnownFileType = file.xib; path = AuthorDetailsCell.xib; sourceTree = "<group>"; };
		50394C5C20EA347F0079575D /* HelpCircleImageView.swift */ = {isa = PBXFileReference; fileEncoding = 4; lastKnownFileType = sourcecode.swift; path = HelpCircleImageView.swift; sourceTree = "<group>"; };
		50394C5E20EA463A0079575D /* HelpButton.swift */ = {isa = PBXFileReference; lastKnownFileType = sourcecode.swift; path = HelpButton.swift; sourceTree = "<group>"; };
		50394C6420EA49D50079575D /* GaleryParentVC.swift */ = {isa = PBXFileReference; lastKnownFileType = sourcecode.swift; path = GaleryParentVC.swift; sourceTree = "<group>"; };
		50394C6620EA4A660079575D /* GaleryChildVC.swift */ = {isa = PBXFileReference; lastKnownFileType = sourcecode.swift; path = GaleryChildVC.swift; sourceTree = "<group>"; };
		5040F0A620D7EA970030183D /* GoHelpFund-Platform.app */ = {isa = PBXFileReference; explicitFileType = wrapper.application; includeInIndex = 0; path = "GoHelpFund-Platform.app"; sourceTree = BUILT_PRODUCTS_DIR; };
		5040F0A920D7EA970030183D /* AppDelegate.swift */ = {isa = PBXFileReference; lastKnownFileType = sourcecode.swift; path = AppDelegate.swift; sourceTree = "<group>"; };
		5040F0AE20D7EA970030183D /* Base */ = {isa = PBXFileReference; lastKnownFileType = file.storyboard; name = Base; path = Base.lproj/Dashboard.storyboard; sourceTree = "<group>"; };
		5040F0B020D7EA970030183D /* Assets.xcassets */ = {isa = PBXFileReference; lastKnownFileType = folder.assetcatalog; path = Assets.xcassets; sourceTree = "<group>"; };
		5040F0B320D7EA970030183D /* Base */ = {isa = PBXFileReference; lastKnownFileType = file.storyboard; name = Base; path = Base.lproj/LaunchScreen.storyboard; sourceTree = "<group>"; };
		5040F0B520D7EA970030183D /* Info.plist */ = {isa = PBXFileReference; lastKnownFileType = text.plist.xml; path = Info.plist; sourceTree = "<group>"; };
		5040F0BA20D7EA970030183D /* GoHelpFund-PlatformTests.xctest */ = {isa = PBXFileReference; explicitFileType = wrapper.cfbundle; includeInIndex = 0; path = "GoHelpFund-PlatformTests.xctest"; sourceTree = BUILT_PRODUCTS_DIR; };
		5040F0BE20D7EA970030183D /* GoHelpFund_PlatformTests.swift */ = {isa = PBXFileReference; lastKnownFileType = sourcecode.swift; path = GoHelpFund_PlatformTests.swift; sourceTree = "<group>"; };
		5040F0C020D7EA970030183D /* Info.plist */ = {isa = PBXFileReference; lastKnownFileType = text.plist.xml; path = Info.plist; sourceTree = "<group>"; };
		504F47B620E3D4B8005FF749 /* ApiService.swift */ = {isa = PBXFileReference; lastKnownFileType = sourcecode.swift; path = ApiService.swift; sourceTree = "<group>"; };
		504F47B820E3DA7C005FF749 /* CampaignService.swift */ = {isa = PBXFileReference; lastKnownFileType = sourcecode.swift; path = CampaignService.swift; sourceTree = "<group>"; };
		504F47BB20E4EE1B005FF749 /* Campaign.swift */ = {isa = PBXFileReference; lastKnownFileType = sourcecode.swift; path = Campaign.swift; sourceTree = "<group>"; };
		504F47C220E62DEC005FF749 /* CampaignListVC.swift */ = {isa = PBXFileReference; fileEncoding = 4; lastKnownFileType = sourcecode.swift; path = CampaignListVC.swift; sourceTree = "<group>"; };
		504F47C620E62EAC005FF749 /* CampaignDetailsVC.swift */ = {isa = PBXFileReference; lastKnownFileType = sourcecode.swift; path = CampaignDetailsVC.swift; sourceTree = "<group>"; };
		504F47C820E62F0D005FF749 /* DashboardTabController.swift */ = {isa = PBXFileReference; lastKnownFileType = sourcecode.swift; path = DashboardTabController.swift; sourceTree = "<group>"; };
		504F47D020E631E9005FF749 /* BaseCell.swift */ = {isa = PBXFileReference; lastKnownFileType = sourcecode.swift; path = BaseCell.swift; sourceTree = "<group>"; };
		504F47D220E6323D005FF749 /* CampaignListCell.swift */ = {isa = PBXFileReference; lastKnownFileType = sourcecode.swift; path = CampaignListCell.swift; sourceTree = "<group>"; };
		504F47D320E6323D005FF749 /* CampaignListCell.xib */ = {isa = PBXFileReference; lastKnownFileType = file.xib; path = CampaignListCell.xib; sourceTree = "<group>"; };
		504F47D620E6735F005FF749 /* DateHelper.swift */ = {isa = PBXFileReference; lastKnownFileType = sourcecode.swift; path = DateHelper.swift; sourceTree = "<group>"; };
		5050CA392110652C00015F31 /* CreateCampaign.storyboard */ = {isa = PBXFileReference; lastKnownFileType = file.storyboard; path = CreateCampaign.storyboard; sourceTree = "<group>"; };
		5050CA3C211065C500015F31 /* CreateCampaignVC.swift */ = {isa = PBXFileReference; lastKnownFileType = sourcecode.swift; path = CreateCampaignVC.swift; sourceTree = "<group>"; };
		509E0CC8210234EA00827862 /* CampaignNavigation.swift */ = {isa = PBXFileReference; lastKnownFileType = sourcecode.swift; path = CampaignNavigation.swift; sourceTree = "<group>"; };
		77D5864B2DB28C5490725C52 /* Pods_GoHelpFund_Platform.framework */ = {isa = PBXFileReference; explicitFileType = wrapper.framework; includeInIndex = 0; path = Pods_GoHelpFund_Platform.framework; sourceTree = BUILT_PRODUCTS_DIR; };
/* End PBXFileReference section */

/* Begin PBXFrameworksBuildPhase section */
		5040F0A320D7EA970030183D /* Frameworks */ = {
			isa = PBXFrameworksBuildPhase;
			buildActionMask = 2147483647;
			files = (
				802F8BD56057EFDE3678F6AE /* Pods_GoHelpFund_Platform.framework in Frameworks */,
			);
			runOnlyForDeploymentPostprocessing = 0;
		};
		5040F0B720D7EA970030183D /* Frameworks */ = {
			isa = PBXFrameworksBuildPhase;
			buildActionMask = 2147483647;
			files = (
			);
			runOnlyForDeploymentPostprocessing = 0;
		};
/* End PBXFrameworksBuildPhase section */

/* Begin PBXGroup section */
		0D70AEA55216B6639F9B4E2C /* Pods */ = {
			isa = PBXGroup;
			children = (
				48CF7A0513FF4D364A39C8F8 /* Pods-GoHelpFund-Platform.debug.xcconfig */,
				37E8026CC73F39A45A199FC6 /* Pods-GoHelpFund-Platform.release.xcconfig */,
			);
			name = Pods;
			sourceTree = "<group>";
		};
		5032D88220EE186A00B259BA /* ViewModels */ = {
			isa = PBXGroup;
			children = (
				5032D88320EE188A00B259BA /* GaleryVM.swift */,
				5032D88720EE18AF00B259BA /* AuthorDetailsVM.swift */,
				5032D88520EE18A100B259BA /* CampaignDetailsVM.swift */,
			);
			path = ViewModels;
			sourceTree = "<group>";
		};
		5032D88920EE24C000B259BA /* Cells */ = {
			isa = PBXGroup;
			children = (
				5032D88B20EE24C000B259BA /* GalleryCell.swift */,
				5032D88A20EE24C000B259BA /* GalleryCell.xib */,
				5032D88E20EE254000B259BA /* CampaignDescriptionCell.swift */,
				5032D88F20EE254000B259BA /* CampaignDescriptionCell.xib */,
				5032D89220EE269400B259BA /* CampaignDetailedCell.swift */,
				5032D89320EE269400B259BA /* CampaignDetailedCell.xib */,
				5032D89620EE26B400B259BA /* AuthorDetailsCell.swift */,
				5032D89720EE26B400B259BA /* AuthorDetailsCell.xib */,
			);
			path = Cells;
			sourceTree = "<group>";
		};
		5040F09D20D7EA970030183D = {
			isa = PBXGroup;
			children = (
				5040F0A820D7EA970030183D /* GoHelpFund-Platform */,
				5040F0BD20D7EA970030183D /* GoHelpFund-PlatformTests */,
				5040F0A720D7EA970030183D /* Products */,
				0D70AEA55216B6639F9B4E2C /* Pods */,
				D551E72CA4F45E813C0D462A /* Frameworks */,
			);
			sourceTree = "<group>";
		};
		5040F0A720D7EA970030183D /* Products */ = {
			isa = PBXGroup;
			children = (
				5040F0A620D7EA970030183D /* GoHelpFund-Platform.app */,
				5040F0BA20D7EA970030183D /* GoHelpFund-PlatformTests.xctest */,
			);
			name = Products;
			sourceTree = "<group>";
		};
		5040F0A820D7EA970030183D /* GoHelpFund-Platform */ = {
			isa = PBXGroup;
			children = (
				504F47CF20E631D6005FF749 /* BaseClasses */,
				504F47C520E62E17005FF749 /* Storyboards */,
				504F47BA20E4EE03005FF749 /* Models */,
				504F47B520E3D495005FF749 /* Networking */,
				504F47BD20E62D84005FF749 /* Screens */,
				5040F0A920D7EA970030183D /* AppDelegate.swift */,
				5040F0B020D7EA970030183D /* Assets.xcassets */,
				5040F0B220D7EA970030183D /* LaunchScreen.storyboard */,
				5040F0B520D7EA970030183D /* Info.plist */,
			);
			path = "GoHelpFund-Platform";
			sourceTree = "<group>";
		};
		5040F0BD20D7EA970030183D /* GoHelpFund-PlatformTests */ = {
			isa = PBXGroup;
			children = (
				5040F0BE20D7EA970030183D /* GoHelpFund_PlatformTests.swift */,
				5040F0C020D7EA970030183D /* Info.plist */,
			);
			path = "GoHelpFund-PlatformTests";
			sourceTree = "<group>";
		};
		504F47B520E3D495005FF749 /* Networking */ = {
			isa = PBXGroup;
			children = (
				504F47B620E3D4B8005FF749 /* ApiService.swift */,
				504F47B820E3DA7C005FF749 /* CampaignService.swift */,
			);
			path = Networking;
			sourceTree = "<group>";
		};
		504F47BA20E4EE03005FF749 /* Models */ = {
			isa = PBXGroup;
			children = (
				504F47BB20E4EE1B005FF749 /* Campaign.swift */,
			);
			path = Models;
			sourceTree = "<group>";
		};
		504F47BD20E62D84005FF749 /* Screens */ = {
			isa = PBXGroup;
			children = (
				5050CA3B211065A000015F31 /* CreateCampaign */,
				504F47CD20E6312C005FF749 /* Campaigns */,
				504F47CA20E62FEA005FF749 /* Discover */,
				504F47CB20E62FEB005FF749 /* Profile */,
				504F47CC20E62FEB005FF749 /* Trending */,
				504F47C320E62DEC005FF749 /* Tab Controller */,
			);
			path = Screens;
			sourceTree = "<group>";
		};
		504F47C020E62DEC005FF749 /* Campaign Details */ = {
			isa = PBXGroup;
			children = (
				5032D88920EE24C000B259BA /* Cells */,
				5032D88220EE186A00B259BA /* ViewModels */,
				504F47C620E62EAC005FF749 /* CampaignDetailsVC.swift */,
				509E0CCA2108CDF800827862 /* Galery */,
			);
			path = "Campaign Details";
			sourceTree = "<group>";
		};
		504F47C120E62DEC005FF749 /* Campaign List */ = {
			isa = PBXGroup;
			children = (
				504F47CE20E6317E005FF749 /* CampaignList Cell */,
				504F47C220E62DEC005FF749 /* CampaignListVC.swift */,
				509E0CC8210234EA00827862 /* CampaignNavigation.swift */,
			);
			path = "Campaign List";
			sourceTree = "<group>";
		};
		504F47C320E62DEC005FF749 /* Tab Controller */ = {
			isa = PBXGroup;
			children = (
				504F47C820E62F0D005FF749 /* DashboardTabController.swift */,
			);
			path = "Tab Controller";
			sourceTree = "<group>";
		};
		504F47C520E62E17005FF749 /* Storyboards */ = {
			isa = PBXGroup;
			children = (
				5040F0AD20D7EA970030183D /* Dashboard.storyboard */,
				5050CA392110652C00015F31 /* CreateCampaign.storyboard */,
			);
			path = Storyboards;
			sourceTree = "<group>";
		};
		504F47CA20E62FEA005FF749 /* Discover */ = {
			isa = PBXGroup;
			children = (
			);
			path = Discover;
			sourceTree = "<group>";
		};
		504F47CB20E62FEB005FF749 /* Profile */ = {
			isa = PBXGroup;
			children = (
			);
			path = Profile;
			sourceTree = "<group>";
		};
		504F47CC20E62FEB005FF749 /* Trending */ = {
			isa = PBXGroup;
			children = (
			);
			path = Trending;
			sourceTree = "<group>";
		};
		504F47CD20E6312C005FF749 /* Campaigns */ = {
			isa = PBXGroup;
			children = (
				504F47C120E62DEC005FF749 /* Campaign List */,
				504F47C020E62DEC005FF749 /* Campaign Details */,
			);
			path = Campaigns;
			sourceTree = "<group>";
		};
		504F47CE20E6317E005FF749 /* CampaignList Cell */ = {
			isa = PBXGroup;
			children = (
				504F47D220E6323D005FF749 /* CampaignListCell.swift */,
				504F47D320E6323D005FF749 /* CampaignListCell.xib */,
			);
			path = "CampaignList Cell";
			sourceTree = "<group>";
		};
		504F47CF20E631D6005FF749 /* BaseClasses */ = {
			isa = PBXGroup;
			children = (
				50394C5C20EA347F0079575D /* HelpCircleImageView.swift */,
				504F47D020E631E9005FF749 /* BaseCell.swift */,
				504F47D620E6735F005FF749 /* DateHelper.swift */,
				50394C5E20EA463A0079575D /* HelpButton.swift */,
			);
			path = BaseClasses;
			sourceTree = "<group>";
		};
		5050CA3B211065A000015F31 /* CreateCampaign */ = {
			isa = PBXGroup;
			children = (
				5050CA3C211065C500015F31 /* CreateCampaignVC.swift */,
			);
			path = CreateCampaign;
			sourceTree = "<group>";
		};
		509E0CCA2108CDF800827862 /* Galery */ = {
			isa = PBXGroup;
			children = (
				50394C6420EA49D50079575D /* GaleryParentVC.swift */,
				50394C6620EA4A660079575D /* GaleryChildVC.swift */,
			);
			path = Galery;
			sourceTree = "<group>";
		};
		D551E72CA4F45E813C0D462A /* Frameworks */ = {
			isa = PBXGroup;
			children = (
				77D5864B2DB28C5490725C52 /* Pods_GoHelpFund_Platform.framework */,
			);
			name = Frameworks;
			sourceTree = "<group>";
		};
/* End PBXGroup section */

/* Begin PBXNativeTarget section */
		5040F0A520D7EA970030183D /* GoHelpFund-Platform */ = {
			isa = PBXNativeTarget;
			buildConfigurationList = 5040F0C320D7EA970030183D /* Build configuration list for PBXNativeTarget "GoHelpFund-Platform" */;
			buildPhases = (
				30D62B19FE0EF067E2558591 /* [CP] Check Pods Manifest.lock */,
				5040F0A220D7EA970030183D /* Sources */,
				5040F0A320D7EA970030183D /* Frameworks */,
				5040F0A420D7EA970030183D /* Resources */,
				5CDF0387E3E27CA8A799C64F /* [CP] Embed Pods Frameworks */,
				244B31A3CA276EE7309D62D0 /* [CP] Copy Pods Resources */,
				5040F0C920D8F8920030183D /* ShellScript */,
			);
			buildRules = (
			);
			dependencies = (
			);
			name = "GoHelpFund-Platform";
			productName = "GoHelpFund-Platform";
			productReference = 5040F0A620D7EA970030183D /* GoHelpFund-Platform.app */;
			productType = "com.apple.product-type.application";
		};
		5040F0B920D7EA970030183D /* GoHelpFund-PlatformTests */ = {
			isa = PBXNativeTarget;
			buildConfigurationList = 5040F0C620D7EA970030183D /* Build configuration list for PBXNativeTarget "GoHelpFund-PlatformTests" */;
			buildPhases = (
				5040F0B620D7EA970030183D /* Sources */,
				5040F0B720D7EA970030183D /* Frameworks */,
				5040F0B820D7EA970030183D /* Resources */,
			);
			buildRules = (
			);
			dependencies = (
				5040F0BC20D7EA970030183D /* PBXTargetDependency */,
			);
			name = "GoHelpFund-PlatformTests";
			productName = "GoHelpFund-PlatformTests";
			productReference = 5040F0BA20D7EA970030183D /* GoHelpFund-PlatformTests.xctest */;
			productType = "com.apple.product-type.bundle.unit-test";
		};
/* End PBXNativeTarget section */

/* Begin PBXProject section */
		5040F09E20D7EA970030183D /* Project object */ = {
			isa = PBXProject;
			attributes = {
				LastSwiftUpdateCheck = 0920;
				LastUpgradeCheck = 0920;
				ORGANIZATIONNAME = cacheOverflow;
				TargetAttributes = {
					5040F0A520D7EA970030183D = {
						CreatedOnToolsVersion = 9.2;
						ProvisioningStyle = Automatic;
					};
					5040F0B920D7EA970030183D = {
						CreatedOnToolsVersion = 9.2;
						ProvisioningStyle = Automatic;
						TestTargetID = 5040F0A520D7EA970030183D;
					};
				};
			};
			buildConfigurationList = 5040F0A120D7EA970030183D /* Build configuration list for PBXProject "GoHelpFund-Platform" */;
			compatibilityVersion = "Xcode 8.0";
			developmentRegion = en;
			hasScannedForEncodings = 0;
			knownRegions = (
				en,
				Base,
			);
			mainGroup = 5040F09D20D7EA970030183D;
			productRefGroup = 5040F0A720D7EA970030183D /* Products */;
			projectDirPath = "";
			projectRoot = "";
			targets = (
				5040F0A520D7EA970030183D /* GoHelpFund-Platform */,
				5040F0B920D7EA970030183D /* GoHelpFund-PlatformTests */,
			);
		};
/* End PBXProject section */

/* Begin PBXResourcesBuildPhase section */
		5040F0A420D7EA970030183D /* Resources */ = {
			isa = PBXResourcesBuildPhase;
			buildActionMask = 2147483647;
			files = (
				5032D89120EE254000B259BA /* CampaignDescriptionCell.xib in Resources */,
				5050CA3A2110652C00015F31 /* CreateCampaign.storyboard in Resources */,
				5040F0B420D7EA970030183D /* LaunchScreen.storyboard in Resources */,
				504F47D520E6323D005FF749 /* CampaignListCell.xib in Resources */,
				5040F0B120D7EA970030183D /* Assets.xcassets in Resources */,
				5032D88C20EE24C000B259BA /* GalleryCell.xib in Resources */,
				5040F0AF20D7EA970030183D /* Dashboard.storyboard in Resources */,
				5032D89520EE269400B259BA /* CampaignDetailedCell.xib in Resources */,
				5032D89920EE26B400B259BA /* AuthorDetailsCell.xib in Resources */,
			);
			runOnlyForDeploymentPostprocessing = 0;
		};
		5040F0B820D7EA970030183D /* Resources */ = {
			isa = PBXResourcesBuildPhase;
			buildActionMask = 2147483647;
			files = (
			);
			runOnlyForDeploymentPostprocessing = 0;
		};
/* End PBXResourcesBuildPhase section */

/* Begin PBXShellScriptBuildPhase section */
		244B31A3CA276EE7309D62D0 /* [CP] Copy Pods Resources */ = {
			isa = PBXShellScriptBuildPhase;
			buildActionMask = 2147483647;
			files = (
			);
			inputPaths = (
			);
			name = "[CP] Copy Pods Resources";
			outputPaths = (
			);
			runOnlyForDeploymentPostprocessing = 0;
			shellPath = /bin/sh;
			shellScript = "\"${SRCROOT}/Pods/Target Support Files/Pods-GoHelpFund-Platform/Pods-GoHelpFund-Platform-resources.sh\"\n";
			showEnvVarsInLog = 0;
		};
		30D62B19FE0EF067E2558591 /* [CP] Check Pods Manifest.lock */ = {
			isa = PBXShellScriptBuildPhase;
			buildActionMask = 2147483647;
			files = (
			);
			inputPaths = (
				"${PODS_PODFILE_DIR_PATH}/Podfile.lock",
				"${PODS_ROOT}/Manifest.lock",
			);
			name = "[CP] Check Pods Manifest.lock";
			outputPaths = (
				"$(DERIVED_FILE_DIR)/Pods-GoHelpFund-Platform-checkManifestLockResult.txt",
			);
			runOnlyForDeploymentPostprocessing = 0;
			shellPath = /bin/sh;
			shellScript = "diff \"${PODS_PODFILE_DIR_PATH}/Podfile.lock\" \"${PODS_ROOT}/Manifest.lock\" > /dev/null\nif [ $? != 0 ] ; then\n    # print error to STDERR\n    echo \"error: The sandbox is not in sync with the Podfile.lock. Run 'pod install' or update your CocoaPods installation.\" >&2\n    exit 1\nfi\n# This output is used by Xcode 'outputs' to avoid re-running this script phase.\necho \"SUCCESS\" > \"${SCRIPT_OUTPUT_FILE_0}\"\n";
			showEnvVarsInLog = 0;
		};
		5040F0C920D8F8920030183D /* ShellScript */ = {
			isa = PBXShellScriptBuildPhase;
			buildActionMask = 2147483647;
			files = (
			);
			inputPaths = (
			);
			outputPaths = (
			);
			runOnlyForDeploymentPostprocessing = 0;
			shellPath = /bin/sh;
			shellScript = "\"${PODS_ROOT}/Fabric/run\" 42891bbf1bc6faa20fe4da4d1eadce19bba1c30d fe90748f6166fabed032c3908f2472961237bf193442fe759e4d65213ac31179";
		};
		5CDF0387E3E27CA8A799C64F /* [CP] Embed Pods Frameworks */ = {
			isa = PBXShellScriptBuildPhase;
			buildActionMask = 2147483647;
			files = (
			);
			inputPaths = (
				"${SRCROOT}/Pods/Target Support Files/Pods-GoHelpFund-Platform/Pods-GoHelpFund-Platform-frameworks.sh",
				"${BUILT_PRODUCTS_DIR}/Alamofire/Alamofire.framework",
				"${BUILT_PRODUCTS_DIR}/Eureka/Eureka.framework",
				"${BUILT_PRODUCTS_DIR}/ImageScrollView/ImageScrollView.framework",
				"${BUILT_PRODUCTS_DIR}/LinearProgressBar/LinearProgressBar.framework",
				"${BUILT_PRODUCTS_DIR}/Moya/Moya.framework",
				"${BUILT_PRODUCTS_DIR}/Result/Result.framework",
				"${BUILT_PRODUCTS_DIR}/SDWebImage/SDWebImage.framework",
				"${BUILT_PRODUCTS_DIR}/SwiftDate/SwiftDate.framework",
				"${BUILT_PRODUCTS_DIR}/UIWindowTransitions/UIWindowTransitions.framework",
			);
			name = "[CP] Embed Pods Frameworks";
			outputPaths = (
				"${TARGET_BUILD_DIR}/${FRAMEWORKS_FOLDER_PATH}/Alamofire.framework",
				"${TARGET_BUILD_DIR}/${FRAMEWORKS_FOLDER_PATH}/Eureka.framework",
				"${TARGET_BUILD_DIR}/${FRAMEWORKS_FOLDER_PATH}/ImageScrollView.framework",
				"${TARGET_BUILD_DIR}/${FRAMEWORKS_FOLDER_PATH}/LinearProgressBar.framework",
				"${TARGET_BUILD_DIR}/${FRAMEWORKS_FOLDER_PATH}/Moya.framework",
				"${TARGET_BUILD_DIR}/${FRAMEWORKS_FOLDER_PATH}/Result.framework",
				"${TARGET_BUILD_DIR}/${FRAMEWORKS_FOLDER_PATH}/SDWebImage.framework",
				"${TARGET_BUILD_DIR}/${FRAMEWORKS_FOLDER_PATH}/SwiftDate.framework",
				"${TARGET_BUILD_DIR}/${FRAMEWORKS_FOLDER_PATH}/UIWindowTransitions.framework",
			);
			runOnlyForDeploymentPostprocessing = 0;
			shellPath = /bin/sh;
			shellScript = "\"${SRCROOT}/Pods/Target Support Files/Pods-GoHelpFund-Platform/Pods-GoHelpFund-Platform-frameworks.sh\"\n";
			showEnvVarsInLog = 0;
		};
/* End PBXShellScriptBuildPhase section */

/* Begin PBXSourcesBuildPhase section */
		5040F0A220D7EA970030183D /* Sources */ = {
			isa = PBXSourcesBuildPhase;
			buildActionMask = 2147483647;
			files = (
				5032D88420EE188A00B259BA /* GaleryVM.swift in Sources */,
				509E0CC9210234EA00827862 /* CampaignNavigation.swift in Sources */,
				5032D88620EE18A100B259BA /* CampaignDetailsVM.swift in Sources */,
				5032D89020EE254000B259BA /* CampaignDescriptionCell.swift in Sources */,
				5050CA3D211065C500015F31 /* CreateCampaignVC.swift in Sources */,
				5032D89820EE26B400B259BA /* AuthorDetailsCell.swift in Sources */,
				5032D88820EE18AF00B259BA /* AuthorDetailsVM.swift in Sources */,
				504F47C420E62DEC005FF749 /* CampaignListVC.swift in Sources */,
				504F47C920E62F0D005FF749 /* DashboardTabController.swift in Sources */,
				504F47B920E3DA7C005FF749 /* CampaignService.swift in Sources */,
				5040F0AA20D7EA970030183D /* AppDelegate.swift in Sources */,
				50394C5F20EA463A0079575D /* HelpButton.swift in Sources */,
				504F47D120E631E9005FF749 /* BaseCell.swift in Sources */,
				504F47D720E6735F005FF749 /* DateHelper.swift in Sources */,
				504F47BC20E4EE1B005FF749 /* Campaign.swift in Sources */,
				504F47C720E62EAC005FF749 /* CampaignDetailsVC.swift in Sources */,
				5032D89420EE269400B259BA /* CampaignDetailedCell.swift in Sources */,
				50394C6520EA49D50079575D /* GaleryParentVC.swift in Sources */,
				50394C6720EA4A660079575D /* GaleryChildVC.swift in Sources */,
				5032D88D20EE24C000B259BA /* GalleryCell.swift in Sources */,
				504F47D420E6323D005FF749 /* CampaignListCell.swift in Sources */,
				50394C5D20EA347F0079575D /* HelpCircleImageView.swift in Sources */,
				504F47B720E3D4B8005FF749 /* ApiService.swift in Sources */,
			);
			runOnlyForDeploymentPostprocessing = 0;
		};
		5040F0B620D7EA970030183D /* Sources */ = {
			isa = PBXSourcesBuildPhase;
			buildActionMask = 2147483647;
			files = (
				5040F0BF20D7EA970030183D /* GoHelpFund_PlatformTests.swift in Sources */,
			);
			runOnlyForDeploymentPostprocessing = 0;
		};
/* End PBXSourcesBuildPhase section */

/* Begin PBXTargetDependency section */
		5040F0BC20D7EA970030183D /* PBXTargetDependency */ = {
			isa = PBXTargetDependency;
			target = 5040F0A520D7EA970030183D /* GoHelpFund-Platform */;
			targetProxy = 5040F0BB20D7EA970030183D /* PBXContainerItemProxy */;
		};
/* End PBXTargetDependency section */

/* Begin PBXVariantGroup section */
		5040F0AD20D7EA970030183D /* Dashboard.storyboard */ = {
			isa = PBXVariantGroup;
			children = (
				5040F0AE20D7EA970030183D /* Base */,
			);
			name = Dashboard.storyboard;
			sourceTree = "<group>";
		};
		5040F0B220D7EA970030183D /* LaunchScreen.storyboard */ = {
			isa = PBXVariantGroup;
			children = (
				5040F0B320D7EA970030183D /* Base */,
			);
			name = LaunchScreen.storyboard;
			sourceTree = "<group>";
		};
/* End PBXVariantGroup section */

/* Begin XCBuildConfiguration section */
		5040F0C120D7EA970030183D /* Debug */ = {
			isa = XCBuildConfiguration;
			buildSettings = {
				ALWAYS_SEARCH_USER_PATHS = NO;
				CLANG_ANALYZER_NONNULL = YES;
				CLANG_ANALYZER_NUMBER_OBJECT_CONVERSION = YES_AGGRESSIVE;
				CLANG_CXX_LANGUAGE_STANDARD = "gnu++14";
				CLANG_CXX_LIBRARY = "libc++";
				CLANG_ENABLE_MODULES = YES;
				CLANG_ENABLE_OBJC_ARC = YES;
				CLANG_WARN_BLOCK_CAPTURE_AUTORELEASING = YES;
				CLANG_WARN_BOOL_CONVERSION = YES;
				CLANG_WARN_COMMA = YES;
				CLANG_WARN_CONSTANT_CONVERSION = YES;
				CLANG_WARN_DIRECT_OBJC_ISA_USAGE = YES_ERROR;
				CLANG_WARN_DOCUMENTATION_COMMENTS = YES;
				CLANG_WARN_EMPTY_BODY = YES;
				CLANG_WARN_ENUM_CONVERSION = YES;
				CLANG_WARN_INFINITE_RECURSION = YES;
				CLANG_WARN_INT_CONVERSION = YES;
				CLANG_WARN_NON_LITERAL_NULL_CONVERSION = YES;
				CLANG_WARN_OBJC_LITERAL_CONVERSION = YES;
				CLANG_WARN_OBJC_ROOT_CLASS = YES_ERROR;
				CLANG_WARN_RANGE_LOOP_ANALYSIS = YES;
				CLANG_WARN_STRICT_PROTOTYPES = YES;
				CLANG_WARN_SUSPICIOUS_MOVE = YES;
				CLANG_WARN_UNGUARDED_AVAILABILITY = YES_AGGRESSIVE;
				CLANG_WARN_UNREACHABLE_CODE = YES;
				CLANG_WARN__DUPLICATE_METHOD_MATCH = YES;
				CODE_SIGN_IDENTITY = "iPhone Developer";
				COPY_PHASE_STRIP = NO;
				DEBUG_INFORMATION_FORMAT = dwarf;
				ENABLE_STRICT_OBJC_MSGSEND = YES;
				ENABLE_TESTABILITY = YES;
				GCC_C_LANGUAGE_STANDARD = gnu11;
				GCC_DYNAMIC_NO_PIC = NO;
				GCC_NO_COMMON_BLOCKS = YES;
				GCC_OPTIMIZATION_LEVEL = 0;
				GCC_PREPROCESSOR_DEFINITIONS = (
					"DEBUG=1",
					"$(inherited)",
				);
				GCC_WARN_64_TO_32_BIT_CONVERSION = YES;
				GCC_WARN_ABOUT_RETURN_TYPE = YES_ERROR;
				GCC_WARN_UNDECLARED_SELECTOR = YES;
				GCC_WARN_UNINITIALIZED_AUTOS = YES_AGGRESSIVE;
				GCC_WARN_UNUSED_FUNCTION = YES;
				GCC_WARN_UNUSED_VARIABLE = YES;
				IPHONEOS_DEPLOYMENT_TARGET = 11.2;
				MTL_ENABLE_DEBUG_INFO = YES;
				ONLY_ACTIVE_ARCH = YES;
				SDKROOT = iphoneos;
				SWIFT_ACTIVE_COMPILATION_CONDITIONS = DEBUG;
				SWIFT_OPTIMIZATION_LEVEL = "-Onone";
			};
			name = Debug;
		};
		5040F0C220D7EA970030183D /* Release */ = {
			isa = XCBuildConfiguration;
			buildSettings = {
				ALWAYS_SEARCH_USER_PATHS = NO;
				CLANG_ANALYZER_NONNULL = YES;
				CLANG_ANALYZER_NUMBER_OBJECT_CONVERSION = YES_AGGRESSIVE;
				CLANG_CXX_LANGUAGE_STANDARD = "gnu++14";
				CLANG_CXX_LIBRARY = "libc++";
				CLANG_ENABLE_MODULES = YES;
				CLANG_ENABLE_OBJC_ARC = YES;
				CLANG_WARN_BLOCK_CAPTURE_AUTORELEASING = YES;
				CLANG_WARN_BOOL_CONVERSION = YES;
				CLANG_WARN_COMMA = YES;
				CLANG_WARN_CONSTANT_CONVERSION = YES;
				CLANG_WARN_DIRECT_OBJC_ISA_USAGE = YES_ERROR;
				CLANG_WARN_DOCUMENTATION_COMMENTS = YES;
				CLANG_WARN_EMPTY_BODY = YES;
				CLANG_WARN_ENUM_CONVERSION = YES;
				CLANG_WARN_INFINITE_RECURSION = YES;
				CLANG_WARN_INT_CONVERSION = YES;
				CLANG_WARN_NON_LITERAL_NULL_CONVERSION = YES;
				CLANG_WARN_OBJC_LITERAL_CONVERSION = YES;
				CLANG_WARN_OBJC_ROOT_CLASS = YES_ERROR;
				CLANG_WARN_RANGE_LOOP_ANALYSIS = YES;
				CLANG_WARN_STRICT_PROTOTYPES = YES;
				CLANG_WARN_SUSPICIOUS_MOVE = YES;
				CLANG_WARN_UNGUARDED_AVAILABILITY = YES_AGGRESSIVE;
				CLANG_WARN_UNREACHABLE_CODE = YES;
				CLANG_WARN__DUPLICATE_METHOD_MATCH = YES;
				CODE_SIGN_IDENTITY = "iPhone Developer";
				COPY_PHASE_STRIP = NO;
				DEBUG_INFORMATION_FORMAT = "dwarf-with-dsym";
				ENABLE_NS_ASSERTIONS = NO;
				ENABLE_STRICT_OBJC_MSGSEND = YES;
				GCC_C_LANGUAGE_STANDARD = gnu11;
				GCC_NO_COMMON_BLOCKS = YES;
				GCC_WARN_64_TO_32_BIT_CONVERSION = YES;
				GCC_WARN_ABOUT_RETURN_TYPE = YES_ERROR;
				GCC_WARN_UNDECLARED_SELECTOR = YES;
				GCC_WARN_UNINITIALIZED_AUTOS = YES_AGGRESSIVE;
				GCC_WARN_UNUSED_FUNCTION = YES;
				GCC_WARN_UNUSED_VARIABLE = YES;
				IPHONEOS_DEPLOYMENT_TARGET = 11.2;
				MTL_ENABLE_DEBUG_INFO = NO;
				SDKROOT = iphoneos;
				SWIFT_OPTIMIZATION_LEVEL = "-Owholemodule";
				VALIDATE_PRODUCT = YES;
			};
			name = Release;
		};
		5040F0C420D7EA970030183D /* Debug */ = {
			isa = XCBuildConfiguration;
			baseConfigurationReference = 48CF7A0513FF4D364A39C8F8 /* Pods-GoHelpFund-Platform.debug.xcconfig */;
			buildSettings = {
				ASSETCATALOG_COMPILER_APPICON_NAME = AppIcon;
				CODE_SIGN_STYLE = Automatic;
				DEBUG_INFORMATION_FORMAT = "dwarf-with-dsym";
				DEVELOPMENT_TEAM = N5N9SFP2NP;
				INFOPLIST_FILE = "GoHelpFund-Platform/Info.plist";
				LD_RUNPATH_SEARCH_PATHS = "$(inherited) @executable_path/Frameworks";
				PRODUCT_BUNDLE_IDENTIFIER = "co.cacheOverflow.GoHelpFund-Platform";
				PRODUCT_NAME = "$(TARGET_NAME)";
				SWIFT_VERSION = 4.0;
				TARGETED_DEVICE_FAMILY = "1,2";
			};
			name = Debug;
		};
		5040F0C520D7EA970030183D /* Release */ = {
			isa = XCBuildConfiguration;
			baseConfigurationReference = 37E8026CC73F39A45A199FC6 /* Pods-GoHelpFund-Platform.release.xcconfig */;
			buildSettings = {
				ASSETCATALOG_COMPILER_APPICON_NAME = AppIcon;
				CODE_SIGN_STYLE = Automatic;
				DEVELOPMENT_TEAM = N5N9SFP2NP;
				INFOPLIST_FILE = "GoHelpFund-Platform/Info.plist";
				LD_RUNPATH_SEARCH_PATHS = "$(inherited) @executable_path/Frameworks";
				PRODUCT_BUNDLE_IDENTIFIER = "co.cacheOverflow.GoHelpFund-Platform";
				PRODUCT_NAME = "$(TARGET_NAME)";
				SWIFT_VERSION = 4.0;
				TARGETED_DEVICE_FAMILY = "1,2";
			};
			name = Release;
		};
		5040F0C720D7EA970030183D /* Debug */ = {
			isa = XCBuildConfiguration;
			buildSettings = {
				ALWAYS_EMBED_SWIFT_STANDARD_LIBRARIES = YES;
				BUNDLE_LOADER = "$(TEST_HOST)";
				CODE_SIGN_STYLE = Automatic;
				DEVELOPMENT_TEAM = N5N9SFP2NP;
				INFOPLIST_FILE = "GoHelpFund-PlatformTests/Info.plist";
				LD_RUNPATH_SEARCH_PATHS = "$(inherited) @executable_path/Frameworks @loader_path/Frameworks";
				PRODUCT_BUNDLE_IDENTIFIER = "co.cacheOverflow.GoHelpFund-PlatformTests";
				PRODUCT_NAME = "$(TARGET_NAME)";
				SWIFT_VERSION = 4.0;
				TARGETED_DEVICE_FAMILY = "1,2";
				TEST_HOST = "$(BUILT_PRODUCTS_DIR)/GoHelpFund-Platform.app/GoHelpFund-Platform";
			};
			name = Debug;
		};
		5040F0C820D7EA970030183D /* Release */ = {
			isa = XCBuildConfiguration;
			buildSettings = {
				ALWAYS_EMBED_SWIFT_STANDARD_LIBRARIES = YES;
				BUNDLE_LOADER = "$(TEST_HOST)";
				CODE_SIGN_STYLE = Automatic;
				DEVELOPMENT_TEAM = N5N9SFP2NP;
				INFOPLIST_FILE = "GoHelpFund-PlatformTests/Info.plist";
				LD_RUNPATH_SEARCH_PATHS = "$(inherited) @executable_path/Frameworks @loader_path/Frameworks";
				PRODUCT_BUNDLE_IDENTIFIER = "co.cacheOverflow.GoHelpFund-PlatformTests";
				PRODUCT_NAME = "$(TARGET_NAME)";
				SWIFT_VERSION = 4.0;
				TARGETED_DEVICE_FAMILY = "1,2";
				TEST_HOST = "$(BUILT_PRODUCTS_DIR)/GoHelpFund-Platform.app/GoHelpFund-Platform";
			};
			name = Release;
		};
/* End XCBuildConfiguration section */

/* Begin XCConfigurationList section */
		5040F0A120D7EA970030183D /* Build configuration list for PBXProject "GoHelpFund-Platform" */ = {
			isa = XCConfigurationList;
			buildConfigurations = (
				5040F0C120D7EA970030183D /* Debug */,
				5040F0C220D7EA970030183D /* Release */,
			);
			defaultConfigurationIsVisible = 0;
			defaultConfigurationName = Release;
		};
		5040F0C320D7EA970030183D /* Build configuration list for PBXNativeTarget "GoHelpFund-Platform" */ = {
			isa = XCConfigurationList;
			buildConfigurations = (
				5040F0C420D7EA970030183D /* Debug */,
				5040F0C520D7EA970030183D /* Release */,
			);
			defaultConfigurationIsVisible = 0;
			defaultConfigurationName = Release;
		};
		5040F0C620D7EA970030183D /* Build configuration list for PBXNativeTarget "GoHelpFund-PlatformTests" */ = {
			isa = XCConfigurationList;
			buildConfigurations = (
				5040F0C720D7EA970030183D /* Debug */,
				5040F0C820D7EA970030183D /* Release */,
			);
			defaultConfigurationIsVisible = 0;
			defaultConfigurationName = Release;
		};
/* End XCConfigurationList section */
	};
	rootObject = 5040F09E20D7EA970030183D /* Project object */;
}
