// !$*UTF8*$!
{
	archiveVersion = 1;
	classes = {
	};
	objectVersion = 48;
	objects = {

/* Begin PBXBuildFile section */
		5040F0AA20D7EA970030183D /* AppDelegate.swift in Sources */ = {isa = PBXBuildFile; fileRef = 5040F0A920D7EA970030183D /* AppDelegate.swift */; };
		5040F0AC20D7EA970030183D /* ViewController.swift in Sources */ = {isa = PBXBuildFile; fileRef = 5040F0AB20D7EA970030183D /* ViewController.swift */; };
		5040F0AF20D7EA970030183D /* Main.storyboard in Resources */ = {isa = PBXBuildFile; fileRef = 5040F0AD20D7EA970030183D /* Main.storyboard */; };
		5040F0B120D7EA970030183D /* Assets.xcassets in Resources */ = {isa = PBXBuildFile; fileRef = 5040F0B020D7EA970030183D /* Assets.xcassets */; };
		5040F0B420D7EA970030183D /* LaunchScreen.storyboard in Resources */ = {isa = PBXBuildFile; fileRef = 5040F0B220D7EA970030183D /* LaunchScreen.storyboard */; };
		5040F0BF20D7EA970030183D /* GoHelpFund_PlatformTests.swift in Sources */ = {isa = PBXBuildFile; fileRef = 5040F0BE20D7EA970030183D /* GoHelpFund_PlatformTests.swift */; };
/* End PBXBuildFile section */

/* Begin PBXContainerItemProxy section */
		5040F0BB20D7EA970030183D /* PBXContainerItemProxy */ = {
			isa = PBXContainerItemProxy;
			containerPortal = 5040F09E20D7EA970030183D /* Project object */;
			proxyType = 1;
			remoteGlobalIDString = 5040F0A520D7EA970030183D;
			remoteInfo = "GoHelpFund-Platform";
		};
/* End PBXContainerItemProxy section */

/* Begin PBXFileReference section */
		5040F0A620D7EA970030183D /* GoHelpFund-Platform.app */ = {isa = PBXFileReference; explicitFileType = wrapper.application; includeInIndex = 0; path = "GoHelpFund-Platform.app"; sourceTree = BUILT_PRODUCTS_DIR; };
		5040F0A920D7EA970030183D /* AppDelegate.swift */ = {isa = PBXFileReference; lastKnownFileType = sourcecode.swift; path = AppDelegate.swift; sourceTree = "<group>"; };
		5040F0AB20D7EA970030183D /* ViewController.swift */ = {isa = PBXFileReference; lastKnownFileType = sourcecode.swift; path = ViewController.swift; sourceTree = "<group>"; };
		5040F0AE20D7EA970030183D /* Base */ = {isa = PBXFileReference; lastKnownFileType = file.storyboard; name = Base; path = Base.lproj/Main.storyboard; sourceTree = "<group>"; };
		5040F0B020D7EA970030183D /* Assets.xcassets */ = {isa = PBXFileReference; lastKnownFileType = folder.assetcatalog; path = Assets.xcassets; sourceTree = "<group>"; };
		5040F0B320D7EA970030183D /* Base */ = {isa = PBXFileReference; lastKnownFileType = file.storyboard; name = Base; path = Base.lproj/LaunchScreen.storyboard; sourceTree = "<group>"; };
		5040F0B520D7EA970030183D /* Info.plist */ = {isa = PBXFileReference; lastKnownFileType = text.plist.xml; path = Info.plist; sourceTree = "<group>"; };
		5040F0BA20D7EA970030183D /* GoHelpFund-PlatformTests.xctest */ = {isa = PBXFileReference; explicitFileType = wrapper.cfbundle; includeInIndex = 0; path = "GoHelpFund-PlatformTests.xctest"; sourceTree = BUILT_PRODUCTS_DIR; };
		5040F0BE20D7EA970030183D /* GoHelpFund_PlatformTests.swift */ = {isa = PBXFileReference; lastKnownFileType = sourcecode.swift; path = GoHelpFund_PlatformTests.swift; sourceTree = "<group>"; };
		5040F0C020D7EA970030183D /* Info.plist */ = {isa = PBXFileReference; lastKnownFileType = text.plist.xml; path = Info.plist; sourceTree = "<group>"; };
/* End PBXFileReference section */

/* Begin PBXFrameworksBuildPhase section */
		5040F0A320D7EA970030183D /* Frameworks */ = {
			isa = PBXFrameworksBuildPhase;
			buildActionMask = 2147483647;
			files = (
			);
			runOnlyForDeploymentPostprocessing = 0;
		};
		5040F0B720D7EA970030183D /* Frameworks */ = {
			isa = PBXFrameworksBuildPhase;
			buildActionMask = 2147483647;
			files = (
			);
			runOnlyForDeploymentPostprocessing = 0;
		};
/* End PBXFrameworksBuildPhase section */

/* Begin PBXGroup section */
		5040F09D20D7EA970030183D = {
			isa = PBXGroup;
			children = (
				5040F0A820D7EA970030183D /* GoHelpFund-Platform */,
				5040F0BD20D7EA970030183D /* GoHelpFund-PlatformTests */,
				5040F0A720D7EA970030183D /* Products */,
			);
			sourceTree = "<group>";
		};
		5040F0A720D7EA970030183D /* Products */ = {
			isa = PBXGroup;
			children = (
				5040F0A620D7EA970030183D /* GoHelpFund-Platform.app */,
				5040F0BA20D7EA970030183D /* GoHelpFund-PlatformTests.xctest */,
			);
			name = Products;
			sourceTree = "<group>";
		};
		5040F0A820D7EA970030183D /* GoHelpFund-Platform */ = {
			isa = PBXGroup;
			children = (
				5040F0A920D7EA970030183D /* AppDelegate.swift */,
				5040F0AB20D7EA970030183D /* ViewController.swift */,
				5040F0AD20D7EA970030183D /* Main.storyboard */,
				5040F0B020D7EA970030183D /* Assets.xcassets */,
				5040F0B220D7EA970030183D /* LaunchScreen.storyboard */,
				5040F0B520D7EA970030183D /* Info.plist */,
			);
			path = "GoHelpFund-Platform";
			sourceTree = "<group>";
		};
		5040F0BD20D7EA970030183D /* GoHelpFund-PlatformTests */ = {
			isa = PBXGroup;
			children = (
				5040F0BE20D7EA970030183D /* GoHelpFund_PlatformTests.swift */,
				5040F0C020D7EA970030183D /* Info.plist */,
			);
			path = "GoHelpFund-PlatformTests";
			sourceTree = "<group>";
		};
/* End PBXGroup section */

/* Begin PBXNativeTarget section */
		5040F0A520D7EA970030183D /* GoHelpFund-Platform */ = {
			isa = PBXNativeTarget;
			buildConfigurationList = 5040F0C320D7EA970030183D /* Build configuration list for PBXNativeTarget "GoHelpFund-Platform" */;
			buildPhases = (
				5040F0A220D7EA970030183D /* Sources */,
				5040F0A320D7EA970030183D /* Frameworks */,
				5040F0A420D7EA970030183D /* Resources */,
			);
			buildRules = (
			);
			dependencies = (
			);
			name = "GoHelpFund-Platform";
			productName = "GoHelpFund-Platform";
			productReference = 5040F0A620D7EA970030183D /* GoHelpFund-Platform.app */;
			productType = "com.apple.product-type.application";
		};
		5040F0B920D7EA970030183D /* GoHelpFund-PlatformTests */ = {
			isa = PBXNativeTarget;
			buildConfigurationList = 5040F0C620D7EA970030183D /* Build configuration list for PBXNativeTarget "GoHelpFund-PlatformTests" */;
			buildPhases = (
				5040F0B620D7EA970030183D /* Sources */,
				5040F0B720D7EA970030183D /* Frameworks */,
				5040F0B820D7EA970030183D /* Resources */,
			);
			buildRules = (
			);
			dependencies = (
				5040F0BC20D7EA970030183D /* PBXTargetDependency */,
			);
			name = "GoHelpFund-PlatformTests";
			productName = "GoHelpFund-PlatformTests";
			productReference = 5040F0BA20D7EA970030183D /* GoHelpFund-PlatformTests.xctest */;
			productType = "com.apple.product-type.bundle.unit-test";
		};
/* End PBXNativeTarget section */

/* Begin PBXProject section */
		5040F09E20D7EA970030183D /* Project object */ = {
			isa = PBXProject;
			attributes = {
				LastSwiftUpdateCheck = 0920;
				LastUpgradeCheck = 0920;
				ORGANIZATIONNAME = cacheOverflow;
				TargetAttributes = {
					5040F0A520D7EA970030183D = {
						CreatedOnToolsVersion = 9.2;
						ProvisioningStyle = Automatic;
					};
					5040F0B920D7EA970030183D = {
						CreatedOnToolsVersion = 9.2;
						ProvisioningStyle = Automatic;
						TestTargetID = 5040F0A520D7EA970030183D;
					};
				};
			};
			buildConfigurationList = 5040F0A120D7EA970030183D /* Build configuration list for PBXProject "GoHelpFund-Platform" */;
			compatibilityVersion = "Xcode 8.0";
			developmentRegion = en;
			hasScannedForEncodings = 0;
			knownRegions = (
				en,
				Base,
			);
			mainGroup = 5040F09D20D7EA970030183D;
			productRefGroup = 5040F0A720D7EA970030183D /* Products */;
			projectDirPath = "";
			projectRoot = "";
			targets = (
				5040F0A520D7EA970030183D /* GoHelpFund-Platform */,
				5040F0B920D7EA970030183D /* GoHelpFund-PlatformTests */,
			);
		};
/* End PBXProject section */

/* Begin PBXResourcesBuildPhase section */
		5040F0A420D7EA970030183D /* Resources */ = {
			isa = PBXResourcesBuildPhase;
			buildActionMask = 2147483647;
			files = (
				5040F0B420D7EA970030183D /* LaunchScreen.storyboard in Resources */,
				5040F0B120D7EA970030183D /* Assets.xcassets in Resources */,
				5040F0AF20D7EA970030183D /* Main.storyboard in Resources */,
			);
			runOnlyForDeploymentPostprocessing = 0;
		};
		5040F0B820D7EA970030183D /* Resources */ = {
			isa = PBXResourcesBuildPhase;
			buildActionMask = 2147483647;
			files = (
			);
			runOnlyForDeploymentPostprocessing = 0;
		};
/* End PBXResourcesBuildPhase section */

/* Begin PBXSourcesBuildPhase section */
		5040F0A220D7EA970030183D /* Sources */ = {
			isa = PBXSourcesBuildPhase;
			buildActionMask = 2147483647;
			files = (
				5040F0AC20D7EA970030183D /* ViewController.swift in Sources */,
				5040F0AA20D7EA970030183D /* AppDelegate.swift in Sources */,
			);
			runOnlyForDeploymentPostprocessing = 0;
		};
		5040F0B620D7EA970030183D /* Sources */ = {
			isa = PBXSourcesBuildPhase;
			buildActionMask = 2147483647;
			files = (
				5040F0BF20D7EA970030183D /* GoHelpFund_PlatformTests.swift in Sources */,
			);
			runOnlyForDeploymentPostprocessing = 0;
		};
/* End PBXSourcesBuildPhase section */

/* Begin PBXTargetDependency section */
		5040F0BC20D7EA970030183D /* PBXTargetDependency */ = {
			isa = PBXTargetDependency;
			target = 5040F0A520D7EA970030183D /* GoHelpFund-Platform */;
			targetProxy = 5040F0BB20D7EA970030183D /* PBXContainerItemProxy */;
		};
/* End PBXTargetDependency section */

/* Begin PBXVariantGroup section */
		5040F0AD20D7EA970030183D /* Main.storyboard */ = {
			isa = PBXVariantGroup;
			children = (
				5040F0AE20D7EA970030183D /* Base */,
			);
			name = Main.storyboard;
			sourceTree = "<group>";
		};
		5040F0B220D7EA970030183D /* LaunchScreen.storyboard */ = {
			isa = PBXVariantGroup;
			children = (
				5040F0B320D7EA970030183D /* Base */,
			);
			name = LaunchScreen.storyboard;
			sourceTree = "<group>";
		};
/* End PBXVariantGroup section */

/* Begin XCBuildConfiguration section */
		5040F0C120D7EA970030183D /* Debug */ = {
			isa = XCBuildConfiguration;
			buildSettings = {
				ALWAYS_SEARCH_USER_PATHS = NO;
				CLANG_ANALYZER_NONNULL = YES;
				CLANG_ANALYZER_NUMBER_OBJECT_CONVERSION = YES_AGGRESSIVE;
				CLANG_CXX_LANGUAGE_STANDARD = "gnu++14";
				CLANG_CXX_LIBRARY = "libc++";
				CLANG_ENABLE_MODULES = YES;
				CLANG_ENABLE_OBJC_ARC = YES;
				CLANG_WARN_BLOCK_CAPTURE_AUTORELEASING = YES;
				CLANG_WARN_BOOL_CONVERSION = YES;
				CLANG_WARN_COMMA = YES;
				CLANG_WARN_CONSTANT_CONVERSION = YES;
				CLANG_WARN_DIRECT_OBJC_ISA_USAGE = YES_ERROR;
				CLANG_WARN_DOCUMENTATION_COMMENTS = YES;
				CLANG_WARN_EMPTY_BODY = YES;
				CLANG_WARN_ENUM_CONVERSION = YES;
				CLANG_WARN_INFINITE_RECURSION = YES;
				CLANG_WARN_INT_CONVERSION = YES;
				CLANG_WARN_NON_LITERAL_NULL_CONVERSION = YES;
				CLANG_WARN_OBJC_LITERAL_CONVERSION = YES;
				CLANG_WARN_OBJC_ROOT_CLASS = YES_ERROR;
				CLANG_WARN_RANGE_LOOP_ANALYSIS = YES;
				CLANG_WARN_STRICT_PROTOTYPES = YES;
				CLANG_WARN_SUSPICIOUS_MOVE = YES;
				CLANG_WARN_UNGUARDED_AVAILABILITY = YES_AGGRESSIVE;
				CLANG_WARN_UNREACHABLE_CODE = YES;
				CLANG_WARN__DUPLICATE_METHOD_MATCH = YES;
				CODE_SIGN_IDENTITY = "iPhone Developer";
				COPY_PHASE_STRIP = NO;
				DEBUG_INFORMATION_FORMAT = dwarf;
				ENABLE_STRICT_OBJC_MSGSEND = YES;
				ENABLE_TESTABILITY = YES;
				GCC_C_LANGUAGE_STANDARD = gnu11;
				GCC_DYNAMIC_NO_PIC = NO;
				GCC_NO_COMMON_BLOCKS = YES;
				GCC_OPTIMIZATION_LEVEL = 0;
				GCC_PREPROCESSOR_DEFINITIONS = (
					"DEBUG=1",
					"$(inherited)",
				);
				GCC_WARN_64_TO_32_BIT_CONVERSION = YES;
				GCC_WARN_ABOUT_RETURN_TYPE = YES_ERROR;
				GCC_WARN_UNDECLARED_SELECTOR = YES;
				GCC_WARN_UNINITIALIZED_AUTOS = YES_AGGRESSIVE;
				GCC_WARN_UNUSED_FUNCTION = YES;
				GCC_WARN_UNUSED_VARIABLE = YES;
				IPHONEOS_DEPLOYMENT_TARGET = 11.2;
				MTL_ENABLE_DEBUG_INFO = YES;
				ONLY_ACTIVE_ARCH = YES;
				SDKROOT = iphoneos;
				SWIFT_ACTIVE_COMPILATION_CONDITIONS = DEBUG;
				SWIFT_OPTIMIZATION_LEVEL = "-Onone";
			};
			name = Debug;
		};
		5040F0C220D7EA970030183D /* Release */ = {
			isa = XCBuildConfiguration;
			buildSettings = {
				ALWAYS_SEARCH_USER_PATHS = NO;
				CLANG_ANALYZER_NONNULL = YES;
				CLANG_ANALYZER_NUMBER_OBJECT_CONVERSION = YES_AGGRESSIVE;
				CLANG_CXX_LANGUAGE_STANDARD = "gnu++14";
				CLANG_CXX_LIBRARY = "libc++";
				CLANG_ENABLE_MODULES = YES;
				CLANG_ENABLE_OBJC_ARC = YES;
				CLANG_WARN_BLOCK_CAPTURE_AUTORELEASING = YES;
				CLANG_WARN_BOOL_CONVERSION = YES;
				CLANG_WARN_COMMA = YES;
				CLANG_WARN_CONSTANT_CONVERSION = YES;
				CLANG_WARN_DIRECT_OBJC_ISA_USAGE = YES_ERROR;
				CLANG_WARN_DOCUMENTATION_COMMENTS = YES;
				CLANG_WARN_EMPTY_BODY = YES;
				CLANG_WARN_ENUM_CONVERSION = YES;
				CLANG_WARN_INFINITE_RECURSION = YES;
				CLANG_WARN_INT_CONVERSION = YES;
				CLANG_WARN_NON_LITERAL_NULL_CONVERSION = YES;
				CLANG_WARN_OBJC_LITERAL_CONVERSION = YES;
				CLANG_WARN_OBJC_ROOT_CLASS = YES_ERROR;
				CLANG_WARN_RANGE_LOOP_ANALYSIS = YES;
				CLANG_WARN_STRICT_PROTOTYPES = YES;
				CLANG_WARN_SUSPICIOUS_MOVE = YES;
				CLANG_WARN_UNGUARDED_AVAILABILITY = YES_AGGRESSIVE;
				CLANG_WARN_UNREACHABLE_CODE = YES;
				CLANG_WARN__DUPLICATE_METHOD_MATCH = YES;
				CODE_SIGN_IDENTITY = "iPhone Developer";
				COPY_PHASE_STRIP = NO;
				DEBUG_INFORMATION_FORMAT = "dwarf-with-dsym";
				ENABLE_NS_ASSERTIONS = NO;
				ENABLE_STRICT_OBJC_MSGSEND = YES;
				GCC_C_LANGUAGE_STANDARD = gnu11;
				GCC_NO_COMMON_BLOCKS = YES;
				GCC_WARN_64_TO_32_BIT_CONVERSION = YES;
				GCC_WARN_ABOUT_RETURN_TYPE = YES_ERROR;
				GCC_WARN_UNDECLARED_SELECTOR = YES;
				GCC_WARN_UNINITIALIZED_AUTOS = YES_AGGRESSIVE;
				GCC_WARN_UNUSED_FUNCTION = YES;
				GCC_WARN_UNUSED_VARIABLE = YES;
				IPHONEOS_DEPLOYMENT_TARGET = 11.2;
				MTL_ENABLE_DEBUG_INFO = NO;
				SDKROOT = iphoneos;
				SWIFT_OPTIMIZATION_LEVEL = "-Owholemodule";
				VALIDATE_PRODUCT = YES;
			};
			name = Release;
		};
		5040F0C420D7EA970030183D /* Debug */ = {
			isa = XCBuildConfiguration;
			buildSettings = {
				ASSETCATALOG_COMPILER_APPICON_NAME = AppIcon;
				CODE_SIGN_STYLE = Automatic;
				DEVELOPMENT_TEAM = N5N9SFP2NP;
				INFOPLIST_FILE = "GoHelpFund-Platform/Info.plist";
				LD_RUNPATH_SEARCH_PATHS = "$(inherited) @executable_path/Frameworks";
				PRODUCT_BUNDLE_IDENTIFIER = "co.cacheOverflow.GoHelpFund-Platform";
				PRODUCT_NAME = "$(TARGET_NAME)";
				SWIFT_VERSION = 4.0;
				TARGETED_DEVICE_FAMILY = "1,2";
			};
			name = Debug;
		};
		5040F0C520D7EA970030183D /* Release */ = {
			isa = XCBuildConfiguration;
			buildSettings = {
				ASSETCATALOG_COMPILER_APPICON_NAME = AppIcon;
				CODE_SIGN_STYLE = Automatic;
				DEVELOPMENT_TEAM = N5N9SFP2NP;
				INFOPLIST_FILE = "GoHelpFund-Platform/Info.plist";
				LD_RUNPATH_SEARCH_PATHS = "$(inherited) @executable_path/Frameworks";
				PRODUCT_BUNDLE_IDENTIFIER = "co.cacheOverflow.GoHelpFund-Platform";
				PRODUCT_NAME = "$(TARGET_NAME)";
				SWIFT_VERSION = 4.0;
				TARGETED_DEVICE_FAMILY = "1,2";
			};
			name = Release;
		};
		5040F0C720D7EA970030183D /* Debug */ = {
			isa = XCBuildConfiguration;
			buildSettings = {
				ALWAYS_EMBED_SWIFT_STANDARD_LIBRARIES = YES;
				BUNDLE_LOADER = "$(TEST_HOST)";
				CODE_SIGN_STYLE = Automatic;
				DEVELOPMENT_TEAM = N5N9SFP2NP;
				INFOPLIST_FILE = "GoHelpFund-PlatformTests/Info.plist";
				LD_RUNPATH_SEARCH_PATHS = "$(inherited) @executable_path/Frameworks @loader_path/Frameworks";
				PRODUCT_BUNDLE_IDENTIFIER = "co.cacheOverflow.GoHelpFund-PlatformTests";
				PRODUCT_NAME = "$(TARGET_NAME)";
				SWIFT_VERSION = 4.0;
				TARGETED_DEVICE_FAMILY = "1,2";
				TEST_HOST = "$(BUILT_PRODUCTS_DIR)/GoHelpFund-Platform.app/GoHelpFund-Platform";
			};
			name = Debug;
		};
		5040F0C820D7EA970030183D /* Release */ = {
			isa = XCBuildConfiguration;
			buildSettings = {
				ALWAYS_EMBED_SWIFT_STANDARD_LIBRARIES = YES;
				BUNDLE_LOADER = "$(TEST_HOST)";
				CODE_SIGN_STYLE = Automatic;
				DEVELOPMENT_TEAM = N5N9SFP2NP;
				INFOPLIST_FILE = "GoHelpFund-PlatformTests/Info.plist";
				LD_RUNPATH_SEARCH_PATHS = "$(inherited) @executable_path/Frameworks @loader_path/Frameworks";
				PRODUCT_BUNDLE_IDENTIFIER = "co.cacheOverflow.GoHelpFund-PlatformTests";
				PRODUCT_NAME = "$(TARGET_NAME)";
				SWIFT_VERSION = 4.0;
				TARGETED_DEVICE_FAMILY = "1,2";
				TEST_HOST = "$(BUILT_PRODUCTS_DIR)/GoHelpFund-Platform.app/GoHelpFund-Platform";
			};
			name = Release;
		};
/* End XCBuildConfiguration section */

/* Begin XCConfigurationList section */
		5040F0A120D7EA970030183D /* Build configuration list for PBXProject "GoHelpFund-Platform" */ = {
			isa = XCConfigurationList;
			buildConfigurations = (
				5040F0C120D7EA970030183D /* Debug */,
				5040F0C220D7EA970030183D /* Release */,
			);
			defaultConfigurationIsVisible = 0;
			defaultConfigurationName = Release;
		};
		5040F0C320D7EA970030183D /* Build configuration list for PBXNativeTarget "GoHelpFund-Platform" */ = {
			isa = XCConfigurationList;
			buildConfigurations = (
				5040F0C420D7EA970030183D /* Debug */,
				5040F0C520D7EA970030183D /* Release */,
			);
			defaultConfigurationIsVisible = 0;
			defaultConfigurationName = Release;
		};
		5040F0C620D7EA970030183D /* Build configuration list for PBXNativeTarget "GoHelpFund-PlatformTests" */ = {
			isa = XCConfigurationList;
			buildConfigurations = (
				5040F0C720D7EA970030183D /* Debug */,
				5040F0C820D7EA970030183D /* Release */,
			);
			defaultConfigurationIsVisible = 0;
			defaultConfigurationName = Release;
		};
/* End XCConfigurationList section */
	};
	rootObject = 5040F09E20D7EA970030183D /* Project object */;
}
