// !$*UTF8*$!
{
	archiveVersion = 1;
	classes = {
	};
	objectVersion = 48;
	objects = {

/* Begin PBXBuildFile section */
		5004A5D1219AEBCD00C0B9FC /* OnboardingVM.swift in Sources */ = {isa = PBXBuildFile; fileRef = 5004A5D0219AEBCD00C0B9FC /* OnboardingVM.swift */; };
		5004A5D2219AEBCD00C0B9FC /* OnboardingVM.swift in Sources */ = {isa = PBXBuildFile; fileRef = 5004A5D0219AEBCD00C0B9FC /* OnboardingVM.swift */; };
		5004A5D5219B006C00C0B9FC /* OnboardingStepEmail.swift in Sources */ = {isa = PBXBuildFile; fileRef = 5004A5D4219B006C00C0B9FC /* OnboardingStepEmail.swift */; };
		5004A5D6219B006C00C0B9FC /* OnboardingStepEmail.swift in Sources */ = {isa = PBXBuildFile; fileRef = 5004A5D4219B006C00C0B9FC /* OnboardingStepEmail.swift */; };
		5019AD33213FC1D9009F07E3 /* UploadInfo.swift in Sources */ = {isa = PBXBuildFile; fileRef = 5019AD32213FC1D9009F07E3 /* UploadInfo.swift */; };
		502211FE21384FEA00E57C90 /* CreateCampaignVM.swift in Sources */ = {isa = PBXBuildFile; fileRef = 502211FD21384FEA00E57C90 /* CreateCampaignVM.swift */; };
		5032D88420EE188A00B259BA /* GaleryVM.swift in Sources */ = {isa = PBXBuildFile; fileRef = 5032D88320EE188A00B259BA /* GaleryVM.swift */; };
		5032D88620EE18A100B259BA /* CampaignDetailsVM.swift in Sources */ = {isa = PBXBuildFile; fileRef = 5032D88520EE18A100B259BA /* CampaignDetailsVM.swift */; };
		5032D88820EE18AF00B259BA /* AuthorDetailsVM.swift in Sources */ = {isa = PBXBuildFile; fileRef = 5032D88720EE18AF00B259BA /* AuthorDetailsVM.swift */; };
		5032D88C20EE24C000B259BA /* GalleryCell.xib in Resources */ = {isa = PBXBuildFile; fileRef = 5032D88A20EE24C000B259BA /* GalleryCell.xib */; };
		5032D88D20EE24C000B259BA /* GalleryCell.swift in Sources */ = {isa = PBXBuildFile; fileRef = 5032D88B20EE24C000B259BA /* GalleryCell.swift */; };
		5032D89020EE254000B259BA /* CampaignDescriptionCell.swift in Sources */ = {isa = PBXBuildFile; fileRef = 5032D88E20EE254000B259BA /* CampaignDescriptionCell.swift */; };
		5032D89120EE254000B259BA /* CampaignDescriptionCell.xib in Resources */ = {isa = PBXBuildFile; fileRef = 5032D88F20EE254000B259BA /* CampaignDescriptionCell.xib */; };
		5032D89420EE269400B259BA /* CampaignDetailedCell.swift in Sources */ = {isa = PBXBuildFile; fileRef = 5032D89220EE269400B259BA /* CampaignDetailedCell.swift */; };
		5032D89520EE269400B259BA /* CampaignDetailedCell.xib in Resources */ = {isa = PBXBuildFile; fileRef = 5032D89320EE269400B259BA /* CampaignDetailedCell.xib */; };
		5032D89820EE26B400B259BA /* AuthorDetailsCell.swift in Sources */ = {isa = PBXBuildFile; fileRef = 5032D89620EE26B400B259BA /* AuthorDetailsCell.swift */; };
		5032D89920EE26B400B259BA /* AuthorDetailsCell.xib in Resources */ = {isa = PBXBuildFile; fileRef = 5032D89720EE26B400B259BA /* AuthorDetailsCell.xib */; };
		50390E9321490ECE0083A13B /* APIConstants.swift in Sources */ = {isa = PBXBuildFile; fileRef = 50390E9221490ECE0083A13B /* APIConstants.swift */; };
		50390E97214927BC0083A13B /* GaleryVM.swift in Sources */ = {isa = PBXBuildFile; fileRef = 5032D88320EE188A00B259BA /* GaleryVM.swift */; };
		50390E98214927BC0083A13B /* CampaignNavigation.swift in Sources */ = {isa = PBXBuildFile; fileRef = 509E0CC8210234EA00827862 /* CampaignNavigation.swift */; };
		50390E99214927BC0083A13B /* CampaignDetailsVM.swift in Sources */ = {isa = PBXBuildFile; fileRef = 5032D88520EE18A100B259BA /* CampaignDetailsVM.swift */; };
		50390E9A214927BC0083A13B /* CreateCampaignStep2.swift in Sources */ = {isa = PBXBuildFile; fileRef = 50CCDB58211B2A8A00F7279E /* CreateCampaignStep2.swift */; };
		50390E9B214927BC0083A13B /* CampaignDescriptionCell.swift in Sources */ = {isa = PBXBuildFile; fileRef = 5032D88E20EE254000B259BA /* CampaignDescriptionCell.swift */; };
		50390E9C214927BC0083A13B /* CreateCampaignVC.swift in Sources */ = {isa = PBXBuildFile; fileRef = 5050CA3C211065C500015F31 /* CreateCampaignVC.swift */; };
		50390E9D214927BC0083A13B /* AuthorDetailsCell.swift in Sources */ = {isa = PBXBuildFile; fileRef = 5032D89620EE26B400B259BA /* AuthorDetailsCell.swift */; };
		50390E9E214927BC0083A13B /* AuthorDetailsVM.swift in Sources */ = {isa = PBXBuildFile; fileRef = 5032D88720EE18AF00B259BA /* AuthorDetailsVM.swift */; };
		50390E9F214927BC0083A13B /* CampaignListVC.swift in Sources */ = {isa = PBXBuildFile; fileRef = 504F47C220E62DEC005FF749 /* CampaignListVC.swift */; };
		50390EA0214927BC0083A13B /* DashboardTabController.swift in Sources */ = {isa = PBXBuildFile; fileRef = 504F47C820E62F0D005FF749 /* DashboardTabController.swift */; };
		50390EA1214927BC0083A13B /* CampaignService.swift in Sources */ = {isa = PBXBuildFile; fileRef = 504F47B820E3DA7C005FF749 /* CampaignService.swift */; };
		50390EA2214927BC0083A13B /* ColorExtensions.swift in Sources */ = {isa = PBXBuildFile; fileRef = 50E231962137DA4F00E202DA /* ColorExtensions.swift */; };
		50390EA3214927BC0083A13B /* AppDelegate.swift in Sources */ = {isa = PBXBuildFile; fileRef = 5040F0A920D7EA970030183D /* AppDelegate.swift */; };
		50390EA4214927BC0083A13B /* HelpButton.swift in Sources */ = {isa = PBXBuildFile; fileRef = 50394C5E20EA463A0079575D /* HelpButton.swift */; };
		50390EA5214927BC0083A13B /* CategoriesVC.swift in Sources */ = {isa = PBXBuildFile; fileRef = 50572BEE2114638300E2CF84 /* CategoriesVC.swift */; };
		50390EA6214927BC0083A13B /* BaseCell.swift in Sources */ = {isa = PBXBuildFile; fileRef = 504F47D020E631E9005FF749 /* BaseCell.swift */; };
		50390EA7214927BC0083A13B /* CreateCampaignStep4.swift in Sources */ = {isa = PBXBuildFile; fileRef = 50E231982137F7A400E202DA /* CreateCampaignStep4.swift */; };
		50390EA8214927BC0083A13B /* CreateCampaignVM.swift in Sources */ = {isa = PBXBuildFile; fileRef = 502211FD21384FEA00E57C90 /* CreateCampaignVM.swift */; };
		50390EA9214927BC0083A13B /* APIConstants.swift in Sources */ = {isa = PBXBuildFile; fileRef = 50390E9221490ECE0083A13B /* APIConstants.swift */; };
		50390EAA214927BC0083A13B /* DateHelper.swift in Sources */ = {isa = PBXBuildFile; fileRef = 504F47D620E6735F005FF749 /* DateHelper.swift */; };
		50390EAB214927BC0083A13B /* Campaign.swift in Sources */ = {isa = PBXBuildFile; fileRef = 504F47BB20E4EE1B005FF749 /* Campaign.swift */; };
		50390EAC214927BC0083A13B /* CampaignDetailsVC.swift in Sources */ = {isa = PBXBuildFile; fileRef = 504F47C620E62EAC005FF749 /* CampaignDetailsVC.swift */; };
		50390EAD214927BC0083A13B /* CampaignDetailedCell.swift in Sources */ = {isa = PBXBuildFile; fileRef = 5032D89220EE269400B259BA /* CampaignDetailedCell.swift */; };
		50390EAE214927BC0083A13B /* CategoriesVM.swift in Sources */ = {isa = PBXBuildFile; fileRef = 50572BF02114656E00E2CF84 /* CategoriesVM.swift */; };
		50390EAF214927BC0083A13B /* GaleryParentVC.swift in Sources */ = {isa = PBXBuildFile; fileRef = 50394C6420EA49D50079575D /* GaleryParentVC.swift */; };
		50390EB0214927BC0083A13B /* GaleryChildVC.swift in Sources */ = {isa = PBXBuildFile; fileRef = 50394C6620EA4A660079575D /* GaleryChildVC.swift */; };
		50390EB1214927BC0083A13B /* MediaPickerVC.swift in Sources */ = {isa = PBXBuildFile; fileRef = 505384792121AD1C00D12BE4 /* MediaPickerVC.swift */; };
		50390EB2214927BC0083A13B /* GalleryCell.swift in Sources */ = {isa = PBXBuildFile; fileRef = 5032D88B20EE24C000B259BA /* GalleryCell.swift */; };
		50390EB3214927BC0083A13B /* StringExtensions.swift in Sources */ = {isa = PBXBuildFile; fileRef = 5084C8D92136E69B00B56720 /* StringExtensions.swift */; };
		50390EB4214927BC0083A13B /* CategoryCell.swift in Sources */ = {isa = PBXBuildFile; fileRef = 50CCDB4821146F9C00F7279E /* CategoryCell.swift */; };
		50390EB5214927BC0083A13B /* CreateCampaignStep3.swift in Sources */ = {isa = PBXBuildFile; fileRef = 50CCDB56211B0F2700F7279E /* CreateCampaignStep3.swift */; };
		50390EB6214927BC0083A13B /* NibView.swift in Sources */ = {isa = PBXBuildFile; fileRef = 50CCDB4C211AFC7600F7279E /* NibView.swift */; };
		50390EB7214927BC0083A13B /* CampaignListCell.swift in Sources */ = {isa = PBXBuildFile; fileRef = 504F47D220E6323D005FF749 /* CampaignListCell.swift */; };
		50390EB8214927BC0083A13B /* UploadInfo.swift in Sources */ = {isa = PBXBuildFile; fileRef = 5019AD32213FC1D9009F07E3 /* UploadInfo.swift */; };
		50390EB9214927BC0083A13B /* CreateCampaignStep1.swift in Sources */ = {isa = PBXBuildFile; fileRef = 50CCDB50211B028B00F7279E /* CreateCampaignStep1.swift */; };
		50390EBA214927BC0083A13B /* HelpCircleImageView.swift in Sources */ = {isa = PBXBuildFile; fileRef = 50394C5C20EA347F0079575D /* HelpCircleImageView.swift */; };
		50390EBB214927BC0083A13B /* ApiService.swift in Sources */ = {isa = PBXBuildFile; fileRef = 504F47B620E3D4B8005FF749 /* ApiService.swift */; };
		50390EBF214927BC0083A13B /* CreateCampaignStep2.xib in Resources */ = {isa = PBXBuildFile; fileRef = 50CCDB5A211B2A9700F7279E /* CreateCampaignStep2.xib */; };
		50390EC0214927BC0083A13B /* CampaignDescriptionCell.xib in Resources */ = {isa = PBXBuildFile; fileRef = 5032D88F20EE254000B259BA /* CampaignDescriptionCell.xib */; };
		50390EC1214927BC0083A13B /* CreateCampaign.storyboard in Resources */ = {isa = PBXBuildFile; fileRef = 5050CA392110652C00015F31 /* CreateCampaign.storyboard */; };
		50390EC2214927BC0083A13B /* CreateCampaignStep3.xib in Resources */ = {isa = PBXBuildFile; fileRef = 50CCDB54211B0F1200F7279E /* CreateCampaignStep3.xib */; };
		50390EC3214927BC0083A13B /* LaunchScreen.storyboard in Resources */ = {isa = PBXBuildFile; fileRef = 5040F0B220D7EA970030183D /* LaunchScreen.storyboard */; };
		50390EC4214927BC0083A13B /* CampaignListCell.xib in Resources */ = {isa = PBXBuildFile; fileRef = 504F47D320E6323D005FF749 /* CampaignListCell.xib */; };
		50390EC5214927BC0083A13B /* CreateCampaignStep1.xib in Resources */ = {isa = PBXBuildFile; fileRef = 50CCDB52211B02AF00F7279E /* CreateCampaignStep1.xib */; };
		50390EC6214927BC0083A13B /* Assets.xcassets in Resources */ = {isa = PBXBuildFile; fileRef = 5040F0B020D7EA970030183D /* Assets.xcassets */; };
		50390EC7214927BC0083A13B /* CategoryCell.xib in Resources */ = {isa = PBXBuildFile; fileRef = 50CCDB4921146F9C00F7279E /* CategoryCell.xib */; };
		50390EC8214927BC0083A13B /* GalleryCell.xib in Resources */ = {isa = PBXBuildFile; fileRef = 5032D88A20EE24C000B259BA /* GalleryCell.xib */; };
		50390EC9214927BC0083A13B /* Dashboard.storyboard in Resources */ = {isa = PBXBuildFile; fileRef = 5040F0AD20D7EA970030183D /* Dashboard.storyboard */; };
		50390ECA214927BC0083A13B /* CampaignDetailedCell.xib in Resources */ = {isa = PBXBuildFile; fileRef = 5032D89320EE269400B259BA /* CampaignDetailedCell.xib */; };
		50390ECB214927BC0083A13B /* CreateCampaignStep4.xib in Resources */ = {isa = PBXBuildFile; fileRef = 50E2319A2137F7B900E202DA /* CreateCampaignStep4.xib */; };
		50390ECC214927BC0083A13B /* AuthorDetailsCell.xib in Resources */ = {isa = PBXBuildFile; fileRef = 5032D89720EE26B400B259BA /* AuthorDetailsCell.xib */; };
		50394C5D20EA347F0079575D /* HelpCircleImageView.swift in Sources */ = {isa = PBXBuildFile; fileRef = 50394C5C20EA347F0079575D /* HelpCircleImageView.swift */; };
		50394C5F20EA463A0079575D /* HelpButton.swift in Sources */ = {isa = PBXBuildFile; fileRef = 50394C5E20EA463A0079575D /* HelpButton.swift */; };
		50394C6520EA49D50079575D /* GaleryParentVC.swift in Sources */ = {isa = PBXBuildFile; fileRef = 50394C6420EA49D50079575D /* GaleryParentVC.swift */; };
		50394C6720EA4A660079575D /* GaleryChildVC.swift in Sources */ = {isa = PBXBuildFile; fileRef = 50394C6620EA4A660079575D /* GaleryChildVC.swift */; };
		5040F0AA20D7EA970030183D /* AppDelegate.swift in Sources */ = {isa = PBXBuildFile; fileRef = 5040F0A920D7EA970030183D /* AppDelegate.swift */; };
		5040F0AF20D7EA970030183D /* Dashboard.storyboard in Resources */ = {isa = PBXBuildFile; fileRef = 5040F0AD20D7EA970030183D /* Dashboard.storyboard */; };
		5040F0B120D7EA970030183D /* Assets.xcassets in Resources */ = {isa = PBXBuildFile; fileRef = 5040F0B020D7EA970030183D /* Assets.xcassets */; };
		5040F0B420D7EA970030183D /* LaunchScreen.storyboard in Resources */ = {isa = PBXBuildFile; fileRef = 5040F0B220D7EA970030183D /* LaunchScreen.storyboard */; };
		5040F0BF20D7EA970030183D /* GoHelpFund_PlatformTests.swift in Sources */ = {isa = PBXBuildFile; fileRef = 5040F0BE20D7EA970030183D /* GoHelpFund_PlatformTests.swift */; };
		504F47B720E3D4B8005FF749 /* ApiService.swift in Sources */ = {isa = PBXBuildFile; fileRef = 504F47B620E3D4B8005FF749 /* ApiService.swift */; };
		504F47B920E3DA7C005FF749 /* CampaignService.swift in Sources */ = {isa = PBXBuildFile; fileRef = 504F47B820E3DA7C005FF749 /* CampaignService.swift */; };
		504F47BC20E4EE1B005FF749 /* Campaign.swift in Sources */ = {isa = PBXBuildFile; fileRef = 504F47BB20E4EE1B005FF749 /* Campaign.swift */; };
		504F47C420E62DEC005FF749 /* CampaignListVC.swift in Sources */ = {isa = PBXBuildFile; fileRef = 504F47C220E62DEC005FF749 /* CampaignListVC.swift */; };
		504F47C720E62EAC005FF749 /* CampaignDetailsVC.swift in Sources */ = {isa = PBXBuildFile; fileRef = 504F47C620E62EAC005FF749 /* CampaignDetailsVC.swift */; };
		504F47C920E62F0D005FF749 /* DashboardTabController.swift in Sources */ = {isa = PBXBuildFile; fileRef = 504F47C820E62F0D005FF749 /* DashboardTabController.swift */; };
		504F47D120E631E9005FF749 /* BaseCell.swift in Sources */ = {isa = PBXBuildFile; fileRef = 504F47D020E631E9005FF749 /* BaseCell.swift */; };
		504F47D420E6323D005FF749 /* CampaignListCell.swift in Sources */ = {isa = PBXBuildFile; fileRef = 504F47D220E6323D005FF749 /* CampaignListCell.swift */; };
		504F47D520E6323D005FF749 /* CampaignListCell.xib in Resources */ = {isa = PBXBuildFile; fileRef = 504F47D320E6323D005FF749 /* CampaignListCell.xib */; };
		504F47D720E6735F005FF749 /* DateHelper.swift in Sources */ = {isa = PBXBuildFile; fileRef = 504F47D620E6735F005FF749 /* DateHelper.swift */; };
		5050CA3A2110652C00015F31 /* CreateCampaign.storyboard in Resources */ = {isa = PBXBuildFile; fileRef = 5050CA392110652C00015F31 /* CreateCampaign.storyboard */; };
		5050CA3D211065C500015F31 /* CreateCampaignVC.swift in Sources */ = {isa = PBXBuildFile; fileRef = 5050CA3C211065C500015F31 /* CreateCampaignVC.swift */; };
		5053847A2121AD1C00D12BE4 /* MediaPickerVC.swift in Sources */ = {isa = PBXBuildFile; fileRef = 505384792121AD1C00D12BE4 /* MediaPickerVC.swift */; };
		50572BEF2114638300E2CF84 /* CategoriesVC.swift in Sources */ = {isa = PBXBuildFile; fileRef = 50572BEE2114638300E2CF84 /* CategoriesVC.swift */; };
		50572BF12114656E00E2CF84 /* CategoriesVM.swift in Sources */ = {isa = PBXBuildFile; fileRef = 50572BF02114656E00E2CF84 /* CategoriesVM.swift */; };
		507DFB082164E1260008407B /* AwsUploadService.swift in Sources */ = {isa = PBXBuildFile; fileRef = 507DFB072164E1260008407B /* AwsUploadService.swift */; };
		5084C8DA2136E69B00B56720 /* StringExtensions.swift in Sources */ = {isa = PBXBuildFile; fileRef = 5084C8D92136E69B00B56720 /* StringExtensions.swift */; };
		509E0CC9210234EA00827862 /* CampaignNavigation.swift in Sources */ = {isa = PBXBuildFile; fileRef = 509E0CC8210234EA00827862 /* CampaignNavigation.swift */; };
		50C3FB812164E71B00CC749E /* AwsUploadService.swift in Sources */ = {isa = PBXBuildFile; fileRef = 507DFB072164E1260008407B /* AwsUploadService.swift */; };
		50CCDB4A21146F9D00F7279E /* CategoryCell.swift in Sources */ = {isa = PBXBuildFile; fileRef = 50CCDB4821146F9C00F7279E /* CategoryCell.swift */; };
		50CCDB4B21146F9D00F7279E /* CategoryCell.xib in Resources */ = {isa = PBXBuildFile; fileRef = 50CCDB4921146F9C00F7279E /* CategoryCell.xib */; };
		50CCDB4D211AFC7600F7279E /* NibView.swift in Sources */ = {isa = PBXBuildFile; fileRef = 50CCDB4C211AFC7600F7279E /* NibView.swift */; };
		50CCDB51211B028B00F7279E /* CreateCampaignStep1.swift in Sources */ = {isa = PBXBuildFile; fileRef = 50CCDB50211B028B00F7279E /* CreateCampaignStep1.swift */; };
		50CCDB53211B02AF00F7279E /* CreateCampaignStep1.xib in Resources */ = {isa = PBXBuildFile; fileRef = 50CCDB52211B02AF00F7279E /* CreateCampaignStep1.xib */; };
		50CCDB55211B0F1200F7279E /* CreateCampaignStep3.xib in Resources */ = {isa = PBXBuildFile; fileRef = 50CCDB54211B0F1200F7279E /* CreateCampaignStep3.xib */; };
		50CCDB57211B0F2700F7279E /* CreateCampaignStep3.swift in Sources */ = {isa = PBXBuildFile; fileRef = 50CCDB56211B0F2700F7279E /* CreateCampaignStep3.swift */; };
		50CCDB59211B2A8A00F7279E /* CreateCampaignStep2.swift in Sources */ = {isa = PBXBuildFile; fileRef = 50CCDB58211B2A8A00F7279E /* CreateCampaignStep2.swift */; };
		50CCDB5B211B2A9700F7279E /* CreateCampaignStep2.xib in Resources */ = {isa = PBXBuildFile; fileRef = 50CCDB5A211B2A9700F7279E /* CreateCampaignStep2.xib */; };
		50E11F212195763A0019C4BC /* AuthService.swift in Sources */ = {isa = PBXBuildFile; fileRef = 50E11F202195763A0019C4BC /* AuthService.swift */; };
		50E11F22219577840019C4BC /* AuthService.swift in Sources */ = {isa = PBXBuildFile; fileRef = 50E11F202195763A0019C4BC /* AuthService.swift */; };
		50E11F2421959F720019C4BC /* AccessToken.swift in Sources */ = {isa = PBXBuildFile; fileRef = 50E11F2321959F720019C4BC /* AccessToken.swift */; };
		50E11F2521959F720019C4BC /* AccessToken.swift in Sources */ = {isa = PBXBuildFile; fileRef = 50E11F2321959F720019C4BC /* AccessToken.swift */; };
		50E11F2721997F900019C4BC /* ProfileTabContainerVC.swift in Sources */ = {isa = PBXBuildFile; fileRef = 50E11F2621997F900019C4BC /* ProfileTabContainerVC.swift */; };
		50E11F2821997F900019C4BC /* ProfileTabContainerVC.swift in Sources */ = {isa = PBXBuildFile; fileRef = 50E11F2621997F900019C4BC /* ProfileTabContainerVC.swift */; };
		50E11F2C219980A70019C4BC /* OnboardingVC.swift in Sources */ = {isa = PBXBuildFile; fileRef = 50E11F2B219980A70019C4BC /* OnboardingVC.swift */; };
		50E11F2D219980A70019C4BC /* OnboardingVC.swift in Sources */ = {isa = PBXBuildFile; fileRef = 50E11F2B219980A70019C4BC /* OnboardingVC.swift */; };
		50E11F2F219980B90019C4BC /* UserProfileVC.swift in Sources */ = {isa = PBXBuildFile; fileRef = 50E11F2E219980B90019C4BC /* UserProfileVC.swift */; };
		50E11F30219980B90019C4BC /* UserProfileVC.swift in Sources */ = {isa = PBXBuildFile; fileRef = 50E11F2E219980B90019C4BC /* UserProfileVC.swift */; };
		50E11F322199824A0019C4BC /* ProfileContentStateVC.swift in Sources */ = {isa = PBXBuildFile; fileRef = 50E11F312199824A0019C4BC /* ProfileContentStateVC.swift */; };
		50E11F332199824A0019C4BC /* ProfileContentStateVC.swift in Sources */ = {isa = PBXBuildFile; fileRef = 50E11F312199824A0019C4BC /* ProfileContentStateVC.swift */; };
		50E11F35219984040019C4BC /* ViewControllerExtensions.swift in Sources */ = {isa = PBXBuildFile; fileRef = 50E11F34219984040019C4BC /* ViewControllerExtensions.swift */; };
		50E11F36219984040019C4BC /* ViewControllerExtensions.swift in Sources */ = {isa = PBXBuildFile; fileRef = 50E11F34219984040019C4BC /* ViewControllerExtensions.swift */; };
		50E231972137DA4F00E202DA /* ColorExtensions.swift in Sources */ = {isa = PBXBuildFile; fileRef = 50E231962137DA4F00E202DA /* ColorExtensions.swift */; };
		50E231992137F7A400E202DA /* CreateCampaignStep4.swift in Sources */ = {isa = PBXBuildFile; fileRef = 50E231982137F7A400E202DA /* CreateCampaignStep4.swift */; };
		50E2319B2137F7B900E202DA /* CreateCampaignStep4.xib in Resources */ = {isa = PBXBuildFile; fileRef = 50E2319A2137F7B900E202DA /* CreateCampaignStep4.xib */; };
		B3835D90CB5CFC0F60B21CD7 /* Pods_Dep_GoHelpFund_Platform_Dev.framework in Frameworks */ = {isa = PBXBuildFile; fileRef = 5A49E54C65E472CAF6EB0274 /* Pods_Dep_GoHelpFund_Platform_Dev.framework */; };
		CFC8E4CED40A58DCD736BD66 /* Pods_Dep_GoHelpFund_Platform.framework in Frameworks */ = {isa = PBXBuildFile; fileRef = EFAE2EA8824FC65AA999F0D4 /* Pods_Dep_GoHelpFund_Platform.framework */; };
/* End PBXBuildFile section */

/* Begin PBXContainerItemProxy section */
		5040F0BB20D7EA970030183D /* PBXContainerItemProxy */ = {
			isa = PBXContainerItemProxy;
			containerPortal = 5040F09E20D7EA970030183D /* Project object */;
			proxyType = 1;
			remoteGlobalIDString = 5040F0A520D7EA970030183D;
			remoteInfo = "GoHelpFund-Platform";
		};
/* End PBXContainerItemProxy section */

/* Begin PBXFileReference section */
		5004A5D0219AEBCD00C0B9FC /* OnboardingVM.swift */ = {isa = PBXFileReference; lastKnownFileType = sourcecode.swift; path = OnboardingVM.swift; sourceTree = "<group>"; };
		5004A5D4219B006C00C0B9FC /* OnboardingStepEmail.swift */ = {isa = PBXFileReference; lastKnownFileType = sourcecode.swift; path = OnboardingStepEmail.swift; sourceTree = "<group>"; };
		5019AD32213FC1D9009F07E3 /* UploadInfo.swift */ = {isa = PBXFileReference; lastKnownFileType = sourcecode.swift; path = UploadInfo.swift; sourceTree = "<group>"; };
		502211FD21384FEA00E57C90 /* CreateCampaignVM.swift */ = {isa = PBXFileReference; lastKnownFileType = sourcecode.swift; path = CreateCampaignVM.swift; sourceTree = "<group>"; };
		5032D88320EE188A00B259BA /* GaleryVM.swift */ = {isa = PBXFileReference; lastKnownFileType = sourcecode.swift; path = GaleryVM.swift; sourceTree = "<group>"; };
		5032D88520EE18A100B259BA /* CampaignDetailsVM.swift */ = {isa = PBXFileReference; lastKnownFileType = sourcecode.swift; path = CampaignDetailsVM.swift; sourceTree = "<group>"; };
		5032D88720EE18AF00B259BA /* AuthorDetailsVM.swift */ = {isa = PBXFileReference; lastKnownFileType = sourcecode.swift; path = AuthorDetailsVM.swift; sourceTree = "<group>"; };
		5032D88A20EE24C000B259BA /* GalleryCell.xib */ = {isa = PBXFileReference; fileEncoding = 4; lastKnownFileType = file.xib; path = GalleryCell.xib; sourceTree = "<group>"; };
		5032D88B20EE24C000B259BA /* GalleryCell.swift */ = {isa = PBXFileReference; fileEncoding = 4; lastKnownFileType = sourcecode.swift; path = GalleryCell.swift; sourceTree = "<group>"; };
		5032D88E20EE254000B259BA /* CampaignDescriptionCell.swift */ = {isa = PBXFileReference; lastKnownFileType = sourcecode.swift; path = CampaignDescriptionCell.swift; sourceTree = "<group>"; };
		5032D88F20EE254000B259BA /* CampaignDescriptionCell.xib */ = {isa = PBXFileReference; lastKnownFileType = file.xib; path = CampaignDescriptionCell.xib; sourceTree = "<group>"; };
		5032D89220EE269400B259BA /* CampaignDetailedCell.swift */ = {isa = PBXFileReference; lastKnownFileType = sourcecode.swift; path = CampaignDetailedCell.swift; sourceTree = "<group>"; };
		5032D89320EE269400B259BA /* CampaignDetailedCell.xib */ = {isa = PBXFileReference; lastKnownFileType = file.xib; path = CampaignDetailedCell.xib; sourceTree = "<group>"; };
		5032D89620EE26B400B259BA /* AuthorDetailsCell.swift */ = {isa = PBXFileReference; lastKnownFileType = sourcecode.swift; path = AuthorDetailsCell.swift; sourceTree = "<group>"; };
		5032D89720EE26B400B259BA /* AuthorDetailsCell.xib */ = {isa = PBXFileReference; lastKnownFileType = file.xib; path = AuthorDetailsCell.xib; sourceTree = "<group>"; };
		50390E9221490ECE0083A13B /* APIConstants.swift */ = {isa = PBXFileReference; lastKnownFileType = sourcecode.swift; path = APIConstants.swift; sourceTree = "<group>"; };
		50390ED4214927BC0083A13B /* GoHelpFund-Platform-Dev.app */ = {isa = PBXFileReference; explicitFileType = wrapper.application; includeInIndex = 0; path = "GoHelpFund-Platform-Dev.app"; sourceTree = BUILT_PRODUCTS_DIR; };
		50390ED5214927BC0083A13B /* GoHelpFund-Platform-Dev-Info.plist */ = {isa = PBXFileReference; lastKnownFileType = text.plist.xml; name = "GoHelpFund-Platform-Dev-Info.plist"; path = "/Users/vladbatrinu/Documents/GoHelpFund-Platform/GoHelpFund-Platform/GoHelpFund-Platform-Dev-Info.plist"; sourceTree = "<absolute>"; };
		50394C5C20EA347F0079575D /* HelpCircleImageView.swift */ = {isa = PBXFileReference; fileEncoding = 4; lastKnownFileType = sourcecode.swift; path = HelpCircleImageView.swift; sourceTree = "<group>"; };
		50394C5E20EA463A0079575D /* HelpButton.swift */ = {isa = PBXFileReference; lastKnownFileType = sourcecode.swift; path = HelpButton.swift; sourceTree = "<group>"; };
		50394C6420EA49D50079575D /* GaleryParentVC.swift */ = {isa = PBXFileReference; lastKnownFileType = sourcecode.swift; path = GaleryParentVC.swift; sourceTree = "<group>"; };
		50394C6620EA4A660079575D /* GaleryChildVC.swift */ = {isa = PBXFileReference; lastKnownFileType = sourcecode.swift; path = GaleryChildVC.swift; sourceTree = "<group>"; };
		5040F0A620D7EA970030183D /* GoHelpFund-Platform.app */ = {isa = PBXFileReference; explicitFileType = wrapper.application; includeInIndex = 0; path = "GoHelpFund-Platform.app"; sourceTree = BUILT_PRODUCTS_DIR; };
		5040F0A920D7EA970030183D /* AppDelegate.swift */ = {isa = PBXFileReference; lastKnownFileType = sourcecode.swift; path = AppDelegate.swift; sourceTree = "<group>"; };
		5040F0AE20D7EA970030183D /* Base */ = {isa = PBXFileReference; lastKnownFileType = file.storyboard; name = Base; path = Base.lproj/Dashboard.storyboard; sourceTree = "<group>"; };
		5040F0B020D7EA970030183D /* Assets.xcassets */ = {isa = PBXFileReference; lastKnownFileType = folder.assetcatalog; path = Assets.xcassets; sourceTree = "<group>"; };
		5040F0B320D7EA970030183D /* Base */ = {isa = PBXFileReference; lastKnownFileType = file.storyboard; name = Base; path = Base.lproj/LaunchScreen.storyboard; sourceTree = "<group>"; };
		5040F0B520D7EA970030183D /* Info.plist */ = {isa = PBXFileReference; lastKnownFileType = text.plist.xml; path = Info.plist; sourceTree = "<group>"; };
		5040F0BA20D7EA970030183D /* GoHelpFund-PlatformTests.xctest */ = {isa = PBXFileReference; explicitFileType = wrapper.cfbundle; includeInIndex = 0; path = "GoHelpFund-PlatformTests.xctest"; sourceTree = BUILT_PRODUCTS_DIR; };
		5040F0BE20D7EA970030183D /* GoHelpFund_PlatformTests.swift */ = {isa = PBXFileReference; lastKnownFileType = sourcecode.swift; path = GoHelpFund_PlatformTests.swift; sourceTree = "<group>"; };
		5040F0C020D7EA970030183D /* Info.plist */ = {isa = PBXFileReference; lastKnownFileType = text.plist.xml; path = Info.plist; sourceTree = "<group>"; };
		504F47B620E3D4B8005FF749 /* ApiService.swift */ = {isa = PBXFileReference; lastKnownFileType = sourcecode.swift; path = ApiService.swift; sourceTree = "<group>"; };
		504F47B820E3DA7C005FF749 /* CampaignService.swift */ = {isa = PBXFileReference; lastKnownFileType = sourcecode.swift; path = CampaignService.swift; sourceTree = "<group>"; };
		504F47BB20E4EE1B005FF749 /* Campaign.swift */ = {isa = PBXFileReference; lastKnownFileType = sourcecode.swift; path = Campaign.swift; sourceTree = "<group>"; };
		504F47C220E62DEC005FF749 /* CampaignListVC.swift */ = {isa = PBXFileReference; fileEncoding = 4; lastKnownFileType = sourcecode.swift; path = CampaignListVC.swift; sourceTree = "<group>"; };
		504F47C620E62EAC005FF749 /* CampaignDetailsVC.swift */ = {isa = PBXFileReference; lastKnownFileType = sourcecode.swift; path = CampaignDetailsVC.swift; sourceTree = "<group>"; };
		504F47C820E62F0D005FF749 /* DashboardTabController.swift */ = {isa = PBXFileReference; lastKnownFileType = sourcecode.swift; path = DashboardTabController.swift; sourceTree = "<group>"; };
		504F47D020E631E9005FF749 /* BaseCell.swift */ = {isa = PBXFileReference; lastKnownFileType = sourcecode.swift; path = BaseCell.swift; sourceTree = "<group>"; };
		504F47D220E6323D005FF749 /* CampaignListCell.swift */ = {isa = PBXFileReference; lastKnownFileType = sourcecode.swift; path = CampaignListCell.swift; sourceTree = "<group>"; };
		504F47D320E6323D005FF749 /* CampaignListCell.xib */ = {isa = PBXFileReference; lastKnownFileType = file.xib; path = CampaignListCell.xib; sourceTree = "<group>"; };
		504F47D620E6735F005FF749 /* DateHelper.swift */ = {isa = PBXFileReference; lastKnownFileType = sourcecode.swift; path = DateHelper.swift; sourceTree = "<group>"; };
		5050CA392110652C00015F31 /* CreateCampaign.storyboard */ = {isa = PBXFileReference; lastKnownFileType = file.storyboard; path = CreateCampaign.storyboard; sourceTree = "<group>"; };
		5050CA3C211065C500015F31 /* CreateCampaignVC.swift */ = {isa = PBXFileReference; lastKnownFileType = sourcecode.swift; path = CreateCampaignVC.swift; sourceTree = "<group>"; };
		505384792121AD1C00D12BE4 /* MediaPickerVC.swift */ = {isa = PBXFileReference; lastKnownFileType = sourcecode.swift; name = MediaPickerVC.swift; path = "GoHelpFund-Platform/Screens/CreateCampaign/MediaPickerVC.swift"; sourceTree = SOURCE_ROOT; };
		50572BEE2114638300E2CF84 /* CategoriesVC.swift */ = {isa = PBXFileReference; lastKnownFileType = sourcecode.swift; path = CategoriesVC.swift; sourceTree = "<group>"; };
		50572BF02114656E00E2CF84 /* CategoriesVM.swift */ = {isa = PBXFileReference; lastKnownFileType = sourcecode.swift; path = CategoriesVM.swift; sourceTree = "<group>"; };
		507DFB072164E1260008407B /* AwsUploadService.swift */ = {isa = PBXFileReference; lastKnownFileType = sourcecode.swift; path = AwsUploadService.swift; sourceTree = "<group>"; };
		5084C8D92136E69B00B56720 /* StringExtensions.swift */ = {isa = PBXFileReference; lastKnownFileType = sourcecode.swift; path = StringExtensions.swift; sourceTree = "<group>"; };
		509E0CC8210234EA00827862 /* CampaignNavigation.swift */ = {isa = PBXFileReference; lastKnownFileType = sourcecode.swift; path = CampaignNavigation.swift; sourceTree = "<group>"; };
		50CCDB4821146F9C00F7279E /* CategoryCell.swift */ = {isa = PBXFileReference; fileEncoding = 4; lastKnownFileType = sourcecode.swift; path = CategoryCell.swift; sourceTree = "<group>"; };
		50CCDB4921146F9C00F7279E /* CategoryCell.xib */ = {isa = PBXFileReference; fileEncoding = 4; lastKnownFileType = file.xib; path = CategoryCell.xib; sourceTree = "<group>"; };
		50CCDB4C211AFC7600F7279E /* NibView.swift */ = {isa = PBXFileReference; lastKnownFileType = sourcecode.swift; path = NibView.swift; sourceTree = "<group>"; };
		50CCDB50211B028B00F7279E /* CreateCampaignStep1.swift */ = {isa = PBXFileReference; lastKnownFileType = sourcecode.swift; path = CreateCampaignStep1.swift; sourceTree = "<group>"; };
		50CCDB52211B02AF00F7279E /* CreateCampaignStep1.xib */ = {isa = PBXFileReference; lastKnownFileType = file.xib; path = CreateCampaignStep1.xib; sourceTree = "<group>"; };
		50CCDB54211B0F1200F7279E /* CreateCampaignStep3.xib */ = {isa = PBXFileReference; lastKnownFileType = file.xib; path = CreateCampaignStep3.xib; sourceTree = "<group>"; };
		50CCDB56211B0F2700F7279E /* CreateCampaignStep3.swift */ = {isa = PBXFileReference; lastKnownFileType = sourcecode.swift; path = CreateCampaignStep3.swift; sourceTree = "<group>"; };
		50CCDB58211B2A8A00F7279E /* CreateCampaignStep2.swift */ = {isa = PBXFileReference; lastKnownFileType = sourcecode.swift; path = CreateCampaignStep2.swift; sourceTree = "<group>"; };
		50CCDB5A211B2A9700F7279E /* CreateCampaignStep2.xib */ = {isa = PBXFileReference; lastKnownFileType = file.xib; path = CreateCampaignStep2.xib; sourceTree = "<group>"; };
		50E11F202195763A0019C4BC /* AuthService.swift */ = {isa = PBXFileReference; lastKnownFileType = sourcecode.swift; path = AuthService.swift; sourceTree = "<group>"; };
		50E11F2321959F720019C4BC /* AccessToken.swift */ = {isa = PBXFileReference; lastKnownFileType = sourcecode.swift; path = AccessToken.swift; sourceTree = "<group>"; };
		50E11F2621997F900019C4BC /* ProfileTabContainerVC.swift */ = {isa = PBXFileReference; lastKnownFileType = sourcecode.swift; path = ProfileTabContainerVC.swift; sourceTree = "<group>"; };
		50E11F2B219980A70019C4BC /* OnboardingVC.swift */ = {isa = PBXFileReference; lastKnownFileType = sourcecode.swift; path = OnboardingVC.swift; sourceTree = "<group>"; };
		50E11F2E219980B90019C4BC /* UserProfileVC.swift */ = {isa = PBXFileReference; lastKnownFileType = sourcecode.swift; path = UserProfileVC.swift; sourceTree = "<group>"; };
		50E11F312199824A0019C4BC /* ProfileContentStateVC.swift */ = {isa = PBXFileReference; lastKnownFileType = sourcecode.swift; path = ProfileContentStateVC.swift; sourceTree = "<group>"; };
		50E11F34219984040019C4BC /* ViewControllerExtensions.swift */ = {isa = PBXFileReference; lastKnownFileType = sourcecode.swift; path = ViewControllerExtensions.swift; sourceTree = "<group>"; };
		50E231962137DA4F00E202DA /* ColorExtensions.swift */ = {isa = PBXFileReference; lastKnownFileType = sourcecode.swift; path = ColorExtensions.swift; sourceTree = "<group>"; };
		50E231982137F7A400E202DA /* CreateCampaignStep4.swift */ = {isa = PBXFileReference; lastKnownFileType = sourcecode.swift; path = CreateCampaignStep4.swift; sourceTree = "<group>"; };
		50E2319A2137F7B900E202DA /* CreateCampaignStep4.xib */ = {isa = PBXFileReference; lastKnownFileType = file.xib; path = CreateCampaignStep4.xib; sourceTree = "<group>"; };
		56ED2270E8C2FD61D38C0303 /* Pods-Dep-GoHelpFund-Platform-Dev.release.xcconfig */ = {isa = PBXFileReference; includeInIndex = 1; lastKnownFileType = text.xcconfig; name = "Pods-Dep-GoHelpFund-Platform-Dev.release.xcconfig"; path = "Pods/Target Support Files/Pods-Dep-GoHelpFund-Platform-Dev/Pods-Dep-GoHelpFund-Platform-Dev.release.xcconfig"; sourceTree = "<group>"; };
		5A49E54C65E472CAF6EB0274 /* Pods_Dep_GoHelpFund_Platform_Dev.framework */ = {isa = PBXFileReference; explicitFileType = wrapper.framework; includeInIndex = 0; path = Pods_Dep_GoHelpFund_Platform_Dev.framework; sourceTree = BUILT_PRODUCTS_DIR; };
		6349588126B2C16272A51A4F /* Pods-Dep-GoHelpFund-Platform-Dev.debug.xcconfig */ = {isa = PBXFileReference; includeInIndex = 1; lastKnownFileType = text.xcconfig; name = "Pods-Dep-GoHelpFund-Platform-Dev.debug.xcconfig"; path = "Pods/Target Support Files/Pods-Dep-GoHelpFund-Platform-Dev/Pods-Dep-GoHelpFund-Platform-Dev.debug.xcconfig"; sourceTree = "<group>"; };
		D01EB5C095E966201E9D8D90 /* Pods-Dep-GoHelpFund-Platform.release.xcconfig */ = {isa = PBXFileReference; includeInIndex = 1; lastKnownFileType = text.xcconfig; name = "Pods-Dep-GoHelpFund-Platform.release.xcconfig"; path = "Pods/Target Support Files/Pods-Dep-GoHelpFund-Platform/Pods-Dep-GoHelpFund-Platform.release.xcconfig"; sourceTree = "<group>"; };
		EB2C6B4DF54F5B6C3620E5D6 /* Pods-Dep-GoHelpFund-Platform.debug.xcconfig */ = {isa = PBXFileReference; includeInIndex = 1; lastKnownFileType = text.xcconfig; name = "Pods-Dep-GoHelpFund-Platform.debug.xcconfig"; path = "Pods/Target Support Files/Pods-Dep-GoHelpFund-Platform/Pods-Dep-GoHelpFund-Platform.debug.xcconfig"; sourceTree = "<group>"; };
		EFAE2EA8824FC65AA999F0D4 /* Pods_Dep_GoHelpFund_Platform.framework */ = {isa = PBXFileReference; explicitFileType = wrapper.framework; includeInIndex = 0; path = Pods_Dep_GoHelpFund_Platform.framework; sourceTree = BUILT_PRODUCTS_DIR; };
/* End PBXFileReference section */

/* Begin PBXFrameworksBuildPhase section */
		50390EBC214927BC0083A13B /* Frameworks */ = {
			isa = PBXFrameworksBuildPhase;
			buildActionMask = 2147483647;
			files = (
				B3835D90CB5CFC0F60B21CD7 /* Pods_Dep_GoHelpFund_Platform_Dev.framework in Frameworks */,
			);
			runOnlyForDeploymentPostprocessing = 0;
		};
		5040F0A320D7EA970030183D /* Frameworks */ = {
			isa = PBXFrameworksBuildPhase;
			buildActionMask = 2147483647;
			files = (
				CFC8E4CED40A58DCD736BD66 /* Pods_Dep_GoHelpFund_Platform.framework in Frameworks */,
			);
			runOnlyForDeploymentPostprocessing = 0;
		};
		5040F0B720D7EA970030183D /* Frameworks */ = {
			isa = PBXFrameworksBuildPhase;
			buildActionMask = 2147483647;
			files = (
			);
			runOnlyForDeploymentPostprocessing = 0;
		};
/* End PBXFrameworksBuildPhase section */

/* Begin PBXGroup section */
		5004A5CF219AEBB800C0B9FC /* ViewModels */ = {
			isa = PBXGroup;
			children = (
				5004A5D0219AEBCD00C0B9FC /* OnboardingVM.swift */,
			);
			path = ViewModels;
			sourceTree = "<group>";
		};
		5004A5D3219B003D00C0B9FC /* Views */ = {
			isa = PBXGroup;
			children = (
				5004A5D4219B006C00C0B9FC /* OnboardingStepEmail.swift */,
			);
			path = Views;
			sourceTree = "<group>";
		};
		5032D88220EE186A00B259BA /* ViewModels */ = {
			isa = PBXGroup;
			children = (
				5032D88320EE188A00B259BA /* GaleryVM.swift */,
				5032D88720EE18AF00B259BA /* AuthorDetailsVM.swift */,
				5032D88520EE18A100B259BA /* CampaignDetailsVM.swift */,
			);
			path = ViewModels;
			sourceTree = "<group>";
		};
		5032D88920EE24C000B259BA /* Cells */ = {
			isa = PBXGroup;
			children = (
				5032D88B20EE24C000B259BA /* GalleryCell.swift */,
				5032D88A20EE24C000B259BA /* GalleryCell.xib */,
				5032D88E20EE254000B259BA /* CampaignDescriptionCell.swift */,
				5032D88F20EE254000B259BA /* CampaignDescriptionCell.xib */,
				5032D89220EE269400B259BA /* CampaignDetailedCell.swift */,
				5032D89320EE269400B259BA /* CampaignDetailedCell.xib */,
				5032D89620EE26B400B259BA /* AuthorDetailsCell.swift */,
				5032D89720EE26B400B259BA /* AuthorDetailsCell.xib */,
			);
			path = Cells;
			sourceTree = "<group>";
		};
		5040F09D20D7EA970030183D = {
			isa = PBXGroup;
			children = (
				5040F0A820D7EA970030183D /* GoHelpFund-Platform */,
				5040F0A720D7EA970030183D /* Products */,
				50390ED5214927BC0083A13B /* GoHelpFund-Platform-Dev-Info.plist */,
				63CA22623F7A57B1B7B5348F /* Pods */,
				8EAE8CE3EAC93A44B9BDEA06 /* Frameworks */,
			);
			sourceTree = "<group>";
		};
		5040F0A720D7EA970030183D /* Products */ = {
			isa = PBXGroup;
			children = (
				5040F0A620D7EA970030183D /* GoHelpFund-Platform.app */,
				5040F0BA20D7EA970030183D /* GoHelpFund-PlatformTests.xctest */,
				50390ED4214927BC0083A13B /* GoHelpFund-Platform-Dev.app */,
			);
			name = Products;
			sourceTree = "<group>";
		};
		5040F0A820D7EA970030183D /* GoHelpFund-Platform */ = {
			isa = PBXGroup;
			children = (
				504F47CF20E631D6005FF749 /* BaseClasses */,
				504F47C520E62E17005FF749 /* Storyboards */,
				504F47BA20E4EE03005FF749 /* Models */,
				504F47B520E3D495005FF749 /* Networking */,
				504F47BD20E62D84005FF749 /* Screens */,
				5040F0A920D7EA970030183D /* AppDelegate.swift */,
				5040F0B020D7EA970030183D /* Assets.xcassets */,
				5040F0B220D7EA970030183D /* LaunchScreen.storyboard */,
				5040F0B520D7EA970030183D /* Info.plist */,
				5040F0BD20D7EA970030183D /* GoHelpFund-PlatformTests */,
			);
			path = "GoHelpFund-Platform";
			sourceTree = "<group>";
		};
		5040F0BD20D7EA970030183D /* GoHelpFund-PlatformTests */ = {
			isa = PBXGroup;
			children = (
				5040F0BE20D7EA970030183D /* GoHelpFund_PlatformTests.swift */,
				5040F0C020D7EA970030183D /* Info.plist */,
			);
			path = "GoHelpFund-PlatformTests";
			sourceTree = "<group>";
		};
		504F47B520E3D495005FF749 /* Networking */ = {
			isa = PBXGroup;
			children = (
				504F47B620E3D4B8005FF749 /* ApiService.swift */,
				50E11F202195763A0019C4BC /* AuthService.swift */,
				507DFB072164E1260008407B /* AwsUploadService.swift */,
				504F47B820E3DA7C005FF749 /* CampaignService.swift */,
			);
			path = Networking;
			sourceTree = "<group>";
		};
		504F47BA20E4EE03005FF749 /* Models */ = {
			isa = PBXGroup;
			children = (
				504F47BB20E4EE1B005FF749 /* Campaign.swift */,
				50E11F2321959F720019C4BC /* AccessToken.swift */,
				5019AD32213FC1D9009F07E3 /* UploadInfo.swift */,
			);
			path = Models;
			sourceTree = "<group>";
		};
		504F47BD20E62D84005FF749 /* Screens */ = {
			isa = PBXGroup;
			children = (
				50572BED2114636C00E2CF84 /* Categories */,
				5050CA3B211065A000015F31 /* CreateCampaign */,
				504F47CD20E6312C005FF749 /* Campaigns */,
				504F47CA20E62FEA005FF749 /* Discover */,
				504F47CB20E62FEB005FF749 /* Profile */,
				504F47CC20E62FEB005FF749 /* Trending */,
				504F47C320E62DEC005FF749 /* Tab Controller */,
			);
			path = Screens;
			sourceTree = "<group>";
		};
		504F47C020E62DEC005FF749 /* Campaign Details */ = {
			isa = PBXGroup;
			children = (
				5032D88920EE24C000B259BA /* Cells */,
				5032D88220EE186A00B259BA /* ViewModels */,
				504F47C620E62EAC005FF749 /* CampaignDetailsVC.swift */,
				509E0CCA2108CDF800827862 /* Galery */,
			);
			path = "Campaign Details";
			sourceTree = "<group>";
		};
		504F47C120E62DEC005FF749 /* Campaign List */ = {
			isa = PBXGroup;
			children = (
				504F47CE20E6317E005FF749 /* CampaignList Cell */,
				504F47C220E62DEC005FF749 /* CampaignListVC.swift */,
				509E0CC8210234EA00827862 /* CampaignNavigation.swift */,
			);
			path = "Campaign List";
			sourceTree = "<group>";
		};
		504F47C320E62DEC005FF749 /* Tab Controller */ = {
			isa = PBXGroup;
			children = (
				504F47C820E62F0D005FF749 /* DashboardTabController.swift */,
			);
			path = "Tab Controller";
			sourceTree = "<group>";
		};
		504F47C520E62E17005FF749 /* Storyboards */ = {
			isa = PBXGroup;
			children = (
				5040F0AD20D7EA970030183D /* Dashboard.storyboard */,
				5050CA392110652C00015F31 /* CreateCampaign.storyboard */,
			);
			path = Storyboards;
			sourceTree = "<group>";
		};
		504F47CA20E62FEA005FF749 /* Discover */ = {
			isa = PBXGroup;
			children = (
			);
			path = Discover;
			sourceTree = "<group>";
		};
		504F47CB20E62FEB005FF749 /* Profile */ = {
			isa = PBXGroup;
			children = (
				50E11F292199800C0019C4BC /* Onboarding */,
				50E11F2A2199800C0019C4BC /* UserProfile */,
				50E11F2621997F900019C4BC /* ProfileTabContainerVC.swift */,
			);
			path = Profile;
			sourceTree = "<group>";
		};
		504F47CC20E62FEB005FF749 /* Trending */ = {
			isa = PBXGroup;
			children = (
			);
			path = Trending;
			sourceTree = "<group>";
		};
		504F47CD20E6312C005FF749 /* Campaigns */ = {
			isa = PBXGroup;
			children = (
				504F47C120E62DEC005FF749 /* Campaign List */,
				504F47C020E62DEC005FF749 /* Campaign Details */,
			);
			path = Campaigns;
			sourceTree = "<group>";
		};
		504F47CE20E6317E005FF749 /* CampaignList Cell */ = {
			isa = PBXGroup;
			children = (
				504F47D220E6323D005FF749 /* CampaignListCell.swift */,
				504F47D320E6323D005FF749 /* CampaignListCell.xib */,
			);
			path = "CampaignList Cell";
			sourceTree = "<group>";
		};
		504F47CF20E631D6005FF749 /* BaseClasses */ = {
			isa = PBXGroup;
			children = (
				5084C8D82136E68D00B56720 /* Extensions */,
				50394C5C20EA347F0079575D /* HelpCircleImageView.swift */,
				50390E9221490ECE0083A13B /* APIConstants.swift */,
				50CCDB4C211AFC7600F7279E /* NibView.swift */,
				504F47D020E631E9005FF749 /* BaseCell.swift */,
				504F47D620E6735F005FF749 /* DateHelper.swift */,
				50394C5E20EA463A0079575D /* HelpButton.swift */,
			);
			path = BaseClasses;
			sourceTree = "<group>";
		};
		5050CA3B211065A000015F31 /* CreateCampaign */ = {
			isa = PBXGroup;
			children = (
				50CCDB4E211B01B800F7279E /* ViewModels */,
				50CCDB4F211B01B800F7279E /* Views */,
				5050CA3C211065C500015F31 /* CreateCampaignVC.swift */,
			);
			path = CreateCampaign;
			sourceTree = "<group>";
		};
		50572BED2114636C00E2CF84 /* Categories */ = {
			isa = PBXGroup;
			children = (
				50CCDB4721146F9C00F7279E /* CategoryCell */,
				50572BEE2114638300E2CF84 /* CategoriesVC.swift */,
				50572BF02114656E00E2CF84 /* CategoriesVM.swift */,
			);
			path = Categories;
			sourceTree = "<group>";
		};
		5084C8D82136E68D00B56720 /* Extensions */ = {
			isa = PBXGroup;
			children = (
				5084C8D92136E69B00B56720 /* StringExtensions.swift */,
				50E231962137DA4F00E202DA /* ColorExtensions.swift */,
				50E11F34219984040019C4BC /* ViewControllerExtensions.swift */,
			);
			path = Extensions;
			sourceTree = "<group>";
		};
		509E0CCA2108CDF800827862 /* Galery */ = {
			isa = PBXGroup;
			children = (
				50394C6420EA49D50079575D /* GaleryParentVC.swift */,
				50394C6620EA4A660079575D /* GaleryChildVC.swift */,
			);
			path = Galery;
			sourceTree = "<group>";
		};
		50CCDB4721146F9C00F7279E /* CategoryCell */ = {
			isa = PBXGroup;
			children = (
				50CCDB4821146F9C00F7279E /* CategoryCell.swift */,
				50CCDB4921146F9C00F7279E /* CategoryCell.xib */,
			);
			path = CategoryCell;
			sourceTree = "<group>";
		};
		50CCDB4E211B01B800F7279E /* ViewModels */ = {
			isa = PBXGroup;
			children = (
				502211FD21384FEA00E57C90 /* CreateCampaignVM.swift */,
			);
			path = ViewModels;
			sourceTree = "<group>";
		};
		50CCDB4F211B01B800F7279E /* Views */ = {
			isa = PBXGroup;
			children = (
				50CCDB50211B028B00F7279E /* CreateCampaignStep1.swift */,
				50CCDB52211B02AF00F7279E /* CreateCampaignStep1.xib */,
				50CCDB58211B2A8A00F7279E /* CreateCampaignStep2.swift */,
				50CCDB5A211B2A9700F7279E /* CreateCampaignStep2.xib */,
				50CCDB56211B0F2700F7279E /* CreateCampaignStep3.swift */,
				50CCDB54211B0F1200F7279E /* CreateCampaignStep3.xib */,
				50E231982137F7A400E202DA /* CreateCampaignStep4.swift */,
				50E2319A2137F7B900E202DA /* CreateCampaignStep4.xib */,
				505384792121AD1C00D12BE4 /* MediaPickerVC.swift */,
			);
			path = Views;
			sourceTree = "<group>";
		};
		50E11F292199800C0019C4BC /* Onboarding */ = {
			isa = PBXGroup;
			children = (
				5004A5D3219B003D00C0B9FC /* Views */,
				5004A5CF219AEBB800C0B9FC /* ViewModels */,
				50E11F2B219980A70019C4BC /* OnboardingVC.swift */,
			);
			path = Onboarding;
			sourceTree = "<group>";
		};
		50E11F2A2199800C0019C4BC /* UserProfile */ = {
			isa = PBXGroup;
			children = (
				50E11F2E219980B90019C4BC /* UserProfileVC.swift */,
				50E11F312199824A0019C4BC /* ProfileContentStateVC.swift */,
			);
			path = UserProfile;
			sourceTree = "<group>";
		};
		63CA22623F7A57B1B7B5348F /* Pods */ = {
			isa = PBXGroup;
			children = (
				EB2C6B4DF54F5B6C3620E5D6 /* Pods-Dep-GoHelpFund-Platform.debug.xcconfig */,
				D01EB5C095E966201E9D8D90 /* Pods-Dep-GoHelpFund-Platform.release.xcconfig */,
				6349588126B2C16272A51A4F /* Pods-Dep-GoHelpFund-Platform-Dev.debug.xcconfig */,
				56ED2270E8C2FD61D38C0303 /* Pods-Dep-GoHelpFund-Platform-Dev.release.xcconfig */,
			);
			name = Pods;
			sourceTree = "<group>";
		};
		8EAE8CE3EAC93A44B9BDEA06 /* Frameworks */ = {
			isa = PBXGroup;
			children = (
				EFAE2EA8824FC65AA999F0D4 /* Pods_Dep_GoHelpFund_Platform.framework */,
				5A49E54C65E472CAF6EB0274 /* Pods_Dep_GoHelpFund_Platform_Dev.framework */,
			);
			name = Frameworks;
			sourceTree = "<group>";
		};
/* End PBXGroup section */

/* Begin PBXNativeTarget section */
		50390E94214927BC0083A13B /* GoHelpFund-Platform-Dev */ = {
			isa = PBXNativeTarget;
			buildConfigurationList = 50390ED1214927BC0083A13B /* Build configuration list for PBXNativeTarget "GoHelpFund-Platform-Dev" */;
			buildPhases = (
				10478C3DF7D848AAAAA0837E /* [CP] Check Pods Manifest.lock */,
				50390E96214927BC0083A13B /* Sources */,
				50390EBC214927BC0083A13B /* Frameworks */,
				50390EBE214927BC0083A13B /* Resources */,
				50390ECF214927BC0083A13B /* ShellScript */,
				50390ED0214927BC0083A13B /* ShellScript */,
				8CB7A5F6874E380C8A21DF6A /* [CP] Embed Pods Frameworks */,
				4781E06A5A87E3447177C2F0 /* [CP] Copy Pods Resources */,
			);
			buildRules = (
			);
			dependencies = (
			);
			name = "GoHelpFund-Platform-Dev";
			productName = "GoHelpFund-Platform";
			productReference = 50390ED4214927BC0083A13B /* GoHelpFund-Platform-Dev.app */;
			productType = "com.apple.product-type.application";
		};
		5040F0A520D7EA970030183D /* GoHelpFund-Platform */ = {
			isa = PBXNativeTarget;
			buildConfigurationList = 5040F0C320D7EA970030183D /* Build configuration list for PBXNativeTarget "GoHelpFund-Platform" */;
			buildPhases = (
				28466C010D742761449D5CCA /* [CP] Check Pods Manifest.lock */,
				5040F0A220D7EA970030183D /* Sources */,
				5040F0A320D7EA970030183D /* Frameworks */,
				5040F0A420D7EA970030183D /* Resources */,
				5040F0C920D8F8920030183D /* ShellScript */,
				50572BEC211428C200E2CF84 /* ShellScript */,
				A797FC9EF5C0F3B498DDECBD /* [CP] Embed Pods Frameworks */,
				2E55B4097385B166B95D2C2F /* [CP] Copy Pods Resources */,
			);
			buildRules = (
			);
			dependencies = (
			);
			name = "GoHelpFund-Platform";
			productName = "GoHelpFund-Platform";
			productReference = 5040F0A620D7EA970030183D /* GoHelpFund-Platform.app */;
			productType = "com.apple.product-type.application";
		};
		5040F0B920D7EA970030183D /* GoHelpFund-PlatformTests */ = {
			isa = PBXNativeTarget;
			buildConfigurationList = 5040F0C620D7EA970030183D /* Build configuration list for PBXNativeTarget "GoHelpFund-PlatformTests" */;
			buildPhases = (
				5040F0B620D7EA970030183D /* Sources */,
				5040F0B720D7EA970030183D /* Frameworks */,
				5040F0B820D7EA970030183D /* Resources */,
			);
			buildRules = (
			);
			dependencies = (
				5040F0BC20D7EA970030183D /* PBXTargetDependency */,
			);
			name = "GoHelpFund-PlatformTests";
			productName = "GoHelpFund-PlatformTests";
			productReference = 5040F0BA20D7EA970030183D /* GoHelpFund-PlatformTests.xctest */;
			productType = "com.apple.product-type.bundle.unit-test";
		};
/* End PBXNativeTarget section */

/* Begin PBXProject section */
		5040F09E20D7EA970030183D /* Project object */ = {
			isa = PBXProject;
			attributes = {
				LastSwiftUpdateCheck = 0920;
				LastUpgradeCheck = 0920;
				ORGANIZATIONNAME = cacheOverflow;
				TargetAttributes = {
					50390E94214927BC0083A13B = {
						ProvisioningStyle = Automatic;
					};
					5040F0A520D7EA970030183D = {
						CreatedOnToolsVersion = 9.2;
						ProvisioningStyle = Automatic;
					};
					5040F0B920D7EA970030183D = {
						CreatedOnToolsVersion = 9.2;
						ProvisioningStyle = Automatic;
						TestTargetID = 5040F0A520D7EA970030183D;
					};
				};
			};
			buildConfigurationList = 5040F0A120D7EA970030183D /* Build configuration list for PBXProject "GoHelpFund-Platform" */;
			compatibilityVersion = "Xcode 8.0";
			developmentRegion = en;
			hasScannedForEncodings = 0;
			knownRegions = (
				en,
				Base,
			);
			mainGroup = 5040F09D20D7EA970030183D;
			productRefGroup = 5040F0A720D7EA970030183D /* Products */;
			projectDirPath = "";
			projectRoot = "";
			targets = (
				5040F0A520D7EA970030183D /* GoHelpFund-Platform */,
				5040F0B920D7EA970030183D /* GoHelpFund-PlatformTests */,
				50390E94214927BC0083A13B /* GoHelpFund-Platform-Dev */,
			);
		};
/* End PBXProject section */

/* Begin PBXResourcesBuildPhase section */
		50390EBE214927BC0083A13B /* Resources */ = {
			isa = PBXResourcesBuildPhase;
			buildActionMask = 2147483647;
			files = (
				50390EBF214927BC0083A13B /* CreateCampaignStep2.xib in Resources */,
				50390EC0214927BC0083A13B /* CampaignDescriptionCell.xib in Resources */,
				50390EC1214927BC0083A13B /* CreateCampaign.storyboard in Resources */,
				50390EC2214927BC0083A13B /* CreateCampaignStep3.xib in Resources */,
				50390EC3214927BC0083A13B /* LaunchScreen.storyboard in Resources */,
				50390EC4214927BC0083A13B /* CampaignListCell.xib in Resources */,
				50390EC5214927BC0083A13B /* CreateCampaignStep1.xib in Resources */,
				50390EC6214927BC0083A13B /* Assets.xcassets in Resources */,
				50390EC7214927BC0083A13B /* CategoryCell.xib in Resources */,
				50390EC8214927BC0083A13B /* GalleryCell.xib in Resources */,
				50390EC9214927BC0083A13B /* Dashboard.storyboard in Resources */,
				50390ECA214927BC0083A13B /* CampaignDetailedCell.xib in Resources */,
				50390ECB214927BC0083A13B /* CreateCampaignStep4.xib in Resources */,
				50390ECC214927BC0083A13B /* AuthorDetailsCell.xib in Resources */,
			);
			runOnlyForDeploymentPostprocessing = 0;
		};
		5040F0A420D7EA970030183D /* Resources */ = {
			isa = PBXResourcesBuildPhase;
			buildActionMask = 2147483647;
			files = (
				50CCDB5B211B2A9700F7279E /* CreateCampaignStep2.xib in Resources */,
				5032D89120EE254000B259BA /* CampaignDescriptionCell.xib in Resources */,
				5050CA3A2110652C00015F31 /* CreateCampaign.storyboard in Resources */,
				50CCDB55211B0F1200F7279E /* CreateCampaignStep3.xib in Resources */,
				5040F0B420D7EA970030183D /* LaunchScreen.storyboard in Resources */,
				504F47D520E6323D005FF749 /* CampaignListCell.xib in Resources */,
				50CCDB53211B02AF00F7279E /* CreateCampaignStep1.xib in Resources */,
				5040F0B120D7EA970030183D /* Assets.xcassets in Resources */,
				50CCDB4B21146F9D00F7279E /* CategoryCell.xib in Resources */,
				5032D88C20EE24C000B259BA /* GalleryCell.xib in Resources */,
				5040F0AF20D7EA970030183D /* Dashboard.storyboard in Resources */,
				5032D89520EE269400B259BA /* CampaignDetailedCell.xib in Resources */,
				50E2319B2137F7B900E202DA /* CreateCampaignStep4.xib in Resources */,
				5032D89920EE26B400B259BA /* AuthorDetailsCell.xib in Resources */,
			);
			runOnlyForDeploymentPostprocessing = 0;
		};
		5040F0B820D7EA970030183D /* Resources */ = {
			isa = PBXResourcesBuildPhase;
			buildActionMask = 2147483647;
			files = (
			);
			runOnlyForDeploymentPostprocessing = 0;
		};
/* End PBXResourcesBuildPhase section */

/* Begin PBXShellScriptBuildPhase section */
		10478C3DF7D848AAAAA0837E /* [CP] Check Pods Manifest.lock */ = {
			isa = PBXShellScriptBuildPhase;
			buildActionMask = 2147483647;
			files = (
			);
			inputPaths = (
				"${PODS_PODFILE_DIR_PATH}/Podfile.lock",
				"${PODS_ROOT}/Manifest.lock",
			);
			name = "[CP] Check Pods Manifest.lock";
			outputPaths = (
				"$(DERIVED_FILE_DIR)/Pods-Dep-GoHelpFund-Platform-Dev-checkManifestLockResult.txt",
			);
			runOnlyForDeploymentPostprocessing = 0;
			shellPath = /bin/sh;
			shellScript = "diff \"${PODS_PODFILE_DIR_PATH}/Podfile.lock\" \"${PODS_ROOT}/Manifest.lock\" > /dev/null\nif [ $? != 0 ] ; then\n    # print error to STDERR\n    echo \"error: The sandbox is not in sync with the Podfile.lock. Run 'pod install' or update your CocoaPods installation.\" >&2\n    exit 1\nfi\n# This output is used by Xcode 'outputs' to avoid re-running this script phase.\necho \"SUCCESS\" > \"${SCRIPT_OUTPUT_FILE_0}\"\n";
			showEnvVarsInLog = 0;
		};
		28466C010D742761449D5CCA /* [CP] Check Pods Manifest.lock */ = {
			isa = PBXShellScriptBuildPhase;
			buildActionMask = 2147483647;
			files = (
			);
			inputPaths = (
				"${PODS_PODFILE_DIR_PATH}/Podfile.lock",
				"${PODS_ROOT}/Manifest.lock",
			);
			name = "[CP] Check Pods Manifest.lock";
			outputPaths = (
				"$(DERIVED_FILE_DIR)/Pods-Dep-GoHelpFund-Platform-checkManifestLockResult.txt",
			);
			runOnlyForDeploymentPostprocessing = 0;
			shellPath = /bin/sh;
			shellScript = "diff \"${PODS_PODFILE_DIR_PATH}/Podfile.lock\" \"${PODS_ROOT}/Manifest.lock\" > /dev/null\nif [ $? != 0 ] ; then\n    # print error to STDERR\n    echo \"error: The sandbox is not in sync with the Podfile.lock. Run 'pod install' or update your CocoaPods installation.\" >&2\n    exit 1\nfi\n# This output is used by Xcode 'outputs' to avoid re-running this script phase.\necho \"SUCCESS\" > \"${SCRIPT_OUTPUT_FILE_0}\"\n";
			showEnvVarsInLog = 0;
		};
		2E55B4097385B166B95D2C2F /* [CP] Copy Pods Resources */ = {
			isa = PBXShellScriptBuildPhase;
			buildActionMask = 2147483647;
			files = (
			);
			inputPaths = (
				"${SRCROOT}/Pods/Target Support Files/Pods-Dep-GoHelpFund-Platform/Pods-Dep-GoHelpFund-Platform-resources.sh",
				"${PODS_ROOT}/GoogleMaps/Maps/Frameworks/GoogleMaps.framework/Resources/GoogleMaps.bundle",
				"${PODS_ROOT}/GooglePlacePicker/Frameworks/GooglePlacePicker.framework/Resources/GooglePlacePicker.bundle",
				"${PODS_ROOT}/GooglePlaces/Frameworks/GooglePlaces.framework/Resources/GooglePlaces.bundle",
			);
			name = "[CP] Copy Pods Resources";
			outputPaths = (
				"${TARGET_BUILD_DIR}/${UNLOCALIZED_RESOURCES_FOLDER_PATH}",
			);
			runOnlyForDeploymentPostprocessing = 0;
			shellPath = /bin/sh;
			shellScript = "\"${SRCROOT}/Pods/Target Support Files/Pods-Dep-GoHelpFund-Platform/Pods-Dep-GoHelpFund-Platform-resources.sh\"\n";
			showEnvVarsInLog = 0;
		};
		4781E06A5A87E3447177C2F0 /* [CP] Copy Pods Resources */ = {
			isa = PBXShellScriptBuildPhase;
			buildActionMask = 2147483647;
			files = (
			);
			inputPaths = (
				"${SRCROOT}/Pods/Target Support Files/Pods-Dep-GoHelpFund-Platform-Dev/Pods-Dep-GoHelpFund-Platform-Dev-resources.sh",
				"${PODS_ROOT}/GoogleMaps/Maps/Frameworks/GoogleMaps.framework/Resources/GoogleMaps.bundle",
				"${PODS_ROOT}/GooglePlacePicker/Frameworks/GooglePlacePicker.framework/Resources/GooglePlacePicker.bundle",
				"${PODS_ROOT}/GooglePlaces/Frameworks/GooglePlaces.framework/Resources/GooglePlaces.bundle",
			);
			name = "[CP] Copy Pods Resources";
			outputPaths = (
				"${TARGET_BUILD_DIR}/${UNLOCALIZED_RESOURCES_FOLDER_PATH}",
			);
			runOnlyForDeploymentPostprocessing = 0;
			shellPath = /bin/sh;
			shellScript = "\"${SRCROOT}/Pods/Target Support Files/Pods-Dep-GoHelpFund-Platform-Dev/Pods-Dep-GoHelpFund-Platform-Dev-resources.sh\"\n";
			showEnvVarsInLog = 0;
		};
		50390ECF214927BC0083A13B /* ShellScript */ = {
			isa = PBXShellScriptBuildPhase;
			buildActionMask = 2147483647;
			files = (
			);
			inputPaths = (
			);
			outputPaths = (
			);
			runOnlyForDeploymentPostprocessing = 0;
			shellPath = /bin/sh;
			shellScript = "\"${PODS_ROOT}/Fabric/run\" 42891bbf1bc6faa20fe4da4d1eadce19bba1c30d fe90748f6166fabed032c3908f2472961237bf193442fe759e4d65213ac31179";
		};
		50390ED0214927BC0083A13B /* ShellScript */ = {
			isa = PBXShellScriptBuildPhase;
			buildActionMask = 2147483647;
			files = (
			);
			inputPaths = (
			);
			outputPaths = (
			);
			runOnlyForDeploymentPostprocessing = 0;
			shellPath = /bin/sh;
			shellScript = "KEYWORDS=\"TODO|FIXME|\\?\\?\\?:|\\!\\!\\!:\"\nfind \"${SRCROOT}\" \\( -name \"*.swift\" \\) -print0 | \\\nxargs -0 egrep --with-filename --line-number --only-matching \"($KEYWORDS).*\\$\" | \\\nperl -p -e \"s/($KEYWORDS)/ warning: \\$1/\"";
		};
		5040F0C920D8F8920030183D /* ShellScript */ = {
			isa = PBXShellScriptBuildPhase;
			buildActionMask = 2147483647;
			files = (
			);
			inputPaths = (
			);
			outputPaths = (
			);
			runOnlyForDeploymentPostprocessing = 0;
			shellPath = /bin/sh;
			shellScript = "\"${PODS_ROOT}/Fabric/run\" 42891bbf1bc6faa20fe4da4d1eadce19bba1c30d fe90748f6166fabed032c3908f2472961237bf193442fe759e4d65213ac31179";
		};
		50572BEC211428C200E2CF84 /* ShellScript */ = {
			isa = PBXShellScriptBuildPhase;
			buildActionMask = 2147483647;
			files = (
			);
			inputPaths = (
			);
			outputPaths = (
			);
			runOnlyForDeploymentPostprocessing = 0;
			shellPath = /bin/sh;
			shellScript = "KEYWORDS=\"TODO|FIXME|\\?\\?\\?:|\\!\\!\\!:\"\nfind \"${SRCROOT}\" \\( -name \"*.swift\" \\) -print0 | \\\nxargs -0 egrep --with-filename --line-number --only-matching \"($KEYWORDS).*\\$\" | \\\nperl -p -e \"s/($KEYWORDS)/ warning: \\$1/\"";
		};
		8CB7A5F6874E380C8A21DF6A /* [CP] Embed Pods Frameworks */ = {
			isa = PBXShellScriptBuildPhase;
			buildActionMask = 2147483647;
			files = (
			);
			inputPaths = (
				"${SRCROOT}/Pods/Target Support Files/Pods-Dep-GoHelpFund-Platform-Dev/Pods-Dep-GoHelpFund-Platform-Dev-frameworks.sh",
				"${BUILT_PRODUCTS_DIR}/AWSAuthCore/AWSAuthCore.framework",
				"${BUILT_PRODUCTS_DIR}/AWSCore/AWSCore.framework",
				"${BUILT_PRODUCTS_DIR}/AWSMobileClient/AWSMobileClient.framework",
				"${BUILT_PRODUCTS_DIR}/AWSS3/AWSS3.framework",
				"${BUILT_PRODUCTS_DIR}/Alamofire/Alamofire.framework",
				"${BUILT_PRODUCTS_DIR}/DateTimePicker/DateTimePicker.framework",
				"${BUILT_PRODUCTS_DIR}/IQKeyboardManagerSwift/IQKeyboardManagerSwift.framework",
				"${BUILT_PRODUCTS_DIR}/ImageScrollView/ImageScrollView.framework",
				"${BUILT_PRODUCTS_DIR}/JSONDecoder-Keypath/JSONDecoder_Keypath.framework",
				"${BUILT_PRODUCTS_DIR}/LinearProgressBar/LinearProgressBar.framework",
				"${BUILT_PRODUCTS_DIR}/Moya/Moya.framework",
				"${BUILT_PRODUCTS_DIR}/PryntTrimmerView/PryntTrimmerView.framework",
				"${BUILT_PRODUCTS_DIR}/Result/Result.framework",
				"${BUILT_PRODUCTS_DIR}/SDWebImage/SDWebImage.framework",
				"${BUILT_PRODUCTS_DIR}/SkyFloatingLabelTextField/SkyFloatingLabelTextField.framework",
				"${BUILT_PRODUCTS_DIR}/SteviaLayout/Stevia.framework",
				"${BUILT_PRODUCTS_DIR}/SwiftDate/SwiftDate.framework",
				"${BUILT_PRODUCTS_DIR}/SwiftSpinner/SwiftSpinner.framework",
				"${BUILT_PRODUCTS_DIR}/UITextView+Placeholder/UITextView_Placeholder.framework",
				"${BUILT_PRODUCTS_DIR}/UIWindowTransitions/UIWindowTransitions.framework",
				"${BUILT_PRODUCTS_DIR}/YPImagePicker/YPImagePicker.framework",
			);
			name = "[CP] Embed Pods Frameworks";
			outputPaths = (
				"${TARGET_BUILD_DIR}/${FRAMEWORKS_FOLDER_PATH}/AWSAuthCore.framework",
				"${TARGET_BUILD_DIR}/${FRAMEWORKS_FOLDER_PATH}/AWSCore.framework",
				"${TARGET_BUILD_DIR}/${FRAMEWORKS_FOLDER_PATH}/AWSMobileClient.framework",
				"${TARGET_BUILD_DIR}/${FRAMEWORKS_FOLDER_PATH}/AWSS3.framework",
				"${TARGET_BUILD_DIR}/${FRAMEWORKS_FOLDER_PATH}/Alamofire.framework",
				"${TARGET_BUILD_DIR}/${FRAMEWORKS_FOLDER_PATH}/DateTimePicker.framework",
				"${TARGET_BUILD_DIR}/${FRAMEWORKS_FOLDER_PATH}/IQKeyboardManagerSwift.framework",
				"${TARGET_BUILD_DIR}/${FRAMEWORKS_FOLDER_PATH}/ImageScrollView.framework",
				"${TARGET_BUILD_DIR}/${FRAMEWORKS_FOLDER_PATH}/JSONDecoder_Keypath.framework",
				"${TARGET_BUILD_DIR}/${FRAMEWORKS_FOLDER_PATH}/LinearProgressBar.framework",
				"${TARGET_BUILD_DIR}/${FRAMEWORKS_FOLDER_PATH}/Moya.framework",
				"${TARGET_BUILD_DIR}/${FRAMEWORKS_FOLDER_PATH}/PryntTrimmerView.framework",
				"${TARGET_BUILD_DIR}/${FRAMEWORKS_FOLDER_PATH}/Result.framework",
				"${TARGET_BUILD_DIR}/${FRAMEWORKS_FOLDER_PATH}/SDWebImage.framework",
				"${TARGET_BUILD_DIR}/${FRAMEWORKS_FOLDER_PATH}/SkyFloatingLabelTextField.framework",
				"${TARGET_BUILD_DIR}/${FRAMEWORKS_FOLDER_PATH}/Stevia.framework",
				"${TARGET_BUILD_DIR}/${FRAMEWORKS_FOLDER_PATH}/SwiftDate.framework",
				"${TARGET_BUILD_DIR}/${FRAMEWORKS_FOLDER_PATH}/SwiftSpinner.framework",
				"${TARGET_BUILD_DIR}/${FRAMEWORKS_FOLDER_PATH}/UITextView_Placeholder.framework",
				"${TARGET_BUILD_DIR}/${FRAMEWORKS_FOLDER_PATH}/UIWindowTransitions.framework",
				"${TARGET_BUILD_DIR}/${FRAMEWORKS_FOLDER_PATH}/YPImagePicker.framework",
			);
			runOnlyForDeploymentPostprocessing = 0;
			shellPath = /bin/sh;
			shellScript = "\"${SRCROOT}/Pods/Target Support Files/Pods-Dep-GoHelpFund-Platform-Dev/Pods-Dep-GoHelpFund-Platform-Dev-frameworks.sh\"\n";
			showEnvVarsInLog = 0;
		};
		A797FC9EF5C0F3B498DDECBD /* [CP] Embed Pods Frameworks */ = {
			isa = PBXShellScriptBuildPhase;
			buildActionMask = 2147483647;
			files = (
			);
			inputPaths = (
				"${SRCROOT}/Pods/Target Support Files/Pods-Dep-GoHelpFund-Platform/Pods-Dep-GoHelpFund-Platform-frameworks.sh",
				"${BUILT_PRODUCTS_DIR}/AWSAuthCore/AWSAuthCore.framework",
				"${BUILT_PRODUCTS_DIR}/AWSCore/AWSCore.framework",
				"${BUILT_PRODUCTS_DIR}/AWSMobileClient/AWSMobileClient.framework",
				"${BUILT_PRODUCTS_DIR}/AWSS3/AWSS3.framework",
				"${BUILT_PRODUCTS_DIR}/Alamofire/Alamofire.framework",
				"${BUILT_PRODUCTS_DIR}/DateTimePicker/DateTimePicker.framework",
				"${BUILT_PRODUCTS_DIR}/IQKeyboardManagerSwift/IQKeyboardManagerSwift.framework",
				"${BUILT_PRODUCTS_DIR}/ImageScrollView/ImageScrollView.framework",
				"${BUILT_PRODUCTS_DIR}/JSONDecoder-Keypath/JSONDecoder_Keypath.framework",
				"${BUILT_PRODUCTS_DIR}/LinearProgressBar/LinearProgressBar.framework",
				"${BUILT_PRODUCTS_DIR}/Moya/Moya.framework",
				"${BUILT_PRODUCTS_DIR}/PryntTrimmerView/PryntTrimmerView.framework",
				"${BUILT_PRODUCTS_DIR}/Result/Result.framework",
				"${BUILT_PRODUCTS_DIR}/SDWebImage/SDWebImage.framework",
				"${BUILT_PRODUCTS_DIR}/SkyFloatingLabelTextField/SkyFloatingLabelTextField.framework",
				"${BUILT_PRODUCTS_DIR}/SteviaLayout/Stevia.framework",
				"${BUILT_PRODUCTS_DIR}/SwiftDate/SwiftDate.framework",
				"${BUILT_PRODUCTS_DIR}/SwiftSpinner/SwiftSpinner.framework",
				"${BUILT_PRODUCTS_DIR}/UITextView+Placeholder/UITextView_Placeholder.framework",
				"${BUILT_PRODUCTS_DIR}/UIWindowTransitions/UIWindowTransitions.framework",
				"${BUILT_PRODUCTS_DIR}/YPImagePicker/YPImagePicker.framework",
			);
			name = "[CP] Embed Pods Frameworks";
			outputPaths = (
				"${TARGET_BUILD_DIR}/${FRAMEWORKS_FOLDER_PATH}/AWSAuthCore.framework",
				"${TARGET_BUILD_DIR}/${FRAMEWORKS_FOLDER_PATH}/AWSCore.framework",
				"${TARGET_BUILD_DIR}/${FRAMEWORKS_FOLDER_PATH}/AWSMobileClient.framework",
				"${TARGET_BUILD_DIR}/${FRAMEWORKS_FOLDER_PATH}/AWSS3.framework",
				"${TARGET_BUILD_DIR}/${FRAMEWORKS_FOLDER_PATH}/Alamofire.framework",
				"${TARGET_BUILD_DIR}/${FRAMEWORKS_FOLDER_PATH}/DateTimePicker.framework",
				"${TARGET_BUILD_DIR}/${FRAMEWORKS_FOLDER_PATH}/IQKeyboardManagerSwift.framework",
				"${TARGET_BUILD_DIR}/${FRAMEWORKS_FOLDER_PATH}/ImageScrollView.framework",
				"${TARGET_BUILD_DIR}/${FRAMEWORKS_FOLDER_PATH}/JSONDecoder_Keypath.framework",
				"${TARGET_BUILD_DIR}/${FRAMEWORKS_FOLDER_PATH}/LinearProgressBar.framework",
				"${TARGET_BUILD_DIR}/${FRAMEWORKS_FOLDER_PATH}/Moya.framework",
				"${TARGET_BUILD_DIR}/${FRAMEWORKS_FOLDER_PATH}/PryntTrimmerView.framework",
				"${TARGET_BUILD_DIR}/${FRAMEWORKS_FOLDER_PATH}/Result.framework",
				"${TARGET_BUILD_DIR}/${FRAMEWORKS_FOLDER_PATH}/SDWebImage.framework",
				"${TARGET_BUILD_DIR}/${FRAMEWORKS_FOLDER_PATH}/SkyFloatingLabelTextField.framework",
				"${TARGET_BUILD_DIR}/${FRAMEWORKS_FOLDER_PATH}/Stevia.framework",
				"${TARGET_BUILD_DIR}/${FRAMEWORKS_FOLDER_PATH}/SwiftDate.framework",
				"${TARGET_BUILD_DIR}/${FRAMEWORKS_FOLDER_PATH}/SwiftSpinner.framework",
				"${TARGET_BUILD_DIR}/${FRAMEWORKS_FOLDER_PATH}/UITextView_Placeholder.framework",
				"${TARGET_BUILD_DIR}/${FRAMEWORKS_FOLDER_PATH}/UIWindowTransitions.framework",
				"${TARGET_BUILD_DIR}/${FRAMEWORKS_FOLDER_PATH}/YPImagePicker.framework",
			);
			runOnlyForDeploymentPostprocessing = 0;
			shellPath = /bin/sh;
			shellScript = "\"${SRCROOT}/Pods/Target Support Files/Pods-Dep-GoHelpFund-Platform/Pods-Dep-GoHelpFund-Platform-frameworks.sh\"\n";
			showEnvVarsInLog = 0;
		};
/* End PBXShellScriptBuildPhase section */

/* Begin PBXSourcesBuildPhase section */
		50390E96214927BC0083A13B /* Sources */ = {
			isa = PBXSourcesBuildPhase;
			buildActionMask = 2147483647;
			files = (
				50390E97214927BC0083A13B /* GaleryVM.swift in Sources */,
				50390E98214927BC0083A13B /* CampaignNavigation.swift in Sources */,
				50390E99214927BC0083A13B /* CampaignDetailsVM.swift in Sources */,
				50390E9A214927BC0083A13B /* CreateCampaignStep2.swift in Sources */,
				50390E9B214927BC0083A13B /* CampaignDescriptionCell.swift in Sources */,
				50390E9C214927BC0083A13B /* CreateCampaignVC.swift in Sources */,
				50E11F22219577840019C4BC /* AuthService.swift in Sources */,
				50C3FB812164E71B00CC749E /* AwsUploadService.swift in Sources */,
				50390E9D214927BC0083A13B /* AuthorDetailsCell.swift in Sources */,
				5004A5D2219AEBCD00C0B9FC /* OnboardingVM.swift in Sources */,
				50390E9E214927BC0083A13B /* AuthorDetailsVM.swift in Sources */,
				50390E9F214927BC0083A13B /* CampaignListVC.swift in Sources */,
				50390EA0214927BC0083A13B /* DashboardTabController.swift in Sources */,
				50E11F2821997F900019C4BC /* ProfileTabContainerVC.swift in Sources */,
				50E11F30219980B90019C4BC /* UserProfileVC.swift in Sources */,
				50E11F2D219980A70019C4BC /* OnboardingVC.swift in Sources */,
				50390EA1214927BC0083A13B /* CampaignService.swift in Sources */,
				50390EA2214927BC0083A13B /* ColorExtensions.swift in Sources */,
				50390EA3214927BC0083A13B /* AppDelegate.swift in Sources */,
				50390EA4214927BC0083A13B /* HelpButton.swift in Sources */,
				50390EA5214927BC0083A13B /* CategoriesVC.swift in Sources */,
				50390EA6214927BC0083A13B /* BaseCell.swift in Sources */,
				50390EA7214927BC0083A13B /* CreateCampaignStep4.swift in Sources */,
				50390EA8214927BC0083A13B /* CreateCampaignVM.swift in Sources */,
				50390EA9214927BC0083A13B /* APIConstants.swift in Sources */,
				5004A5D6219B006C00C0B9FC /* OnboardingStepEmail.swift in Sources */,
				50390EAA214927BC0083A13B /* DateHelper.swift in Sources */,
				50390EAB214927BC0083A13B /* Campaign.swift in Sources */,
				50390EAC214927BC0083A13B /* CampaignDetailsVC.swift in Sources */,
				50390EAD214927BC0083A13B /* CampaignDetailedCell.swift in Sources */,
				50390EAE214927BC0083A13B /* CategoriesVM.swift in Sources */,
				50390EAF214927BC0083A13B /* GaleryParentVC.swift in Sources */,
				50390EB0214927BC0083A13B /* GaleryChildVC.swift in Sources */,
				50390EB1214927BC0083A13B /* MediaPickerVC.swift in Sources */,
				50390EB2214927BC0083A13B /* GalleryCell.swift in Sources */,
				50390EB3214927BC0083A13B /* StringExtensions.swift in Sources */,
				50390EB4214927BC0083A13B /* CategoryCell.swift in Sources */,
				50390EB5214927BC0083A13B /* CreateCampaignStep3.swift in Sources */,
				50390EB6214927BC0083A13B /* NibView.swift in Sources */,
				50390EB7214927BC0083A13B /* CampaignListCell.swift in Sources */,
				50390EB8214927BC0083A13B /* UploadInfo.swift in Sources */,
				50390EB9214927BC0083A13B /* CreateCampaignStep1.swift in Sources */,
				50E11F332199824A0019C4BC /* ProfileContentStateVC.swift in Sources */,
				50390EBA214927BC0083A13B /* HelpCircleImageView.swift in Sources */,
				50390EBB214927BC0083A13B /* ApiService.swift in Sources */,
				50E11F36219984040019C4BC /* ViewControllerExtensions.swift in Sources */,
				50E11F2521959F720019C4BC /* AccessToken.swift in Sources */,
			);
			runOnlyForDeploymentPostprocessing = 0;
		};
		5040F0A220D7EA970030183D /* Sources */ = {
			isa = PBXSourcesBuildPhase;
			buildActionMask = 2147483647;
			files = (
				5032D88420EE188A00B259BA /* GaleryVM.swift in Sources */,
				509E0CC9210234EA00827862 /* CampaignNavigation.swift in Sources */,
				5032D88620EE18A100B259BA /* CampaignDetailsVM.swift in Sources */,
				50CCDB59211B2A8A00F7279E /* CreateCampaignStep2.swift in Sources */,
				5032D89020EE254000B259BA /* CampaignDescriptionCell.swift in Sources */,
				5050CA3D211065C500015F31 /* CreateCampaignVC.swift in Sources */,
				50E11F212195763A0019C4BC /* AuthService.swift in Sources */,
				5032D89820EE26B400B259BA /* AuthorDetailsCell.swift in Sources */,
				5032D88820EE18AF00B259BA /* AuthorDetailsVM.swift in Sources */,
				5004A5D1219AEBCD00C0B9FC /* OnboardingVM.swift in Sources */,
				504F47C420E62DEC005FF749 /* CampaignListVC.swift in Sources */,
				504F47C920E62F0D005FF749 /* DashboardTabController.swift in Sources */,
				504F47B920E3DA7C005FF749 /* CampaignService.swift in Sources */,
				50E11F2721997F900019C4BC /* ProfileTabContainerVC.swift in Sources */,
				50E11F2F219980B90019C4BC /* UserProfileVC.swift in Sources */,
				50E11F2C219980A70019C4BC /* OnboardingVC.swift in Sources */,
				50E231972137DA4F00E202DA /* ColorExtensions.swift in Sources */,
				5040F0AA20D7EA970030183D /* AppDelegate.swift in Sources */,
				50394C5F20EA463A0079575D /* HelpButton.swift in Sources */,
				50572BEF2114638300E2CF84 /* CategoriesVC.swift in Sources */,
				504F47D120E631E9005FF749 /* BaseCell.swift in Sources */,
				50E231992137F7A400E202DA /* CreateCampaignStep4.swift in Sources */,
				502211FE21384FEA00E57C90 /* CreateCampaignVM.swift in Sources */,
				50390E9321490ECE0083A13B /* APIConstants.swift in Sources */,
				504F47D720E6735F005FF749 /* DateHelper.swift in Sources */,
				5004A5D5219B006C00C0B9FC /* OnboardingStepEmail.swift in Sources */,
				504F47BC20E4EE1B005FF749 /* Campaign.swift in Sources */,
				504F47C720E62EAC005FF749 /* CampaignDetailsVC.swift in Sources */,
				5032D89420EE269400B259BA /* CampaignDetailedCell.swift in Sources */,
				50572BF12114656E00E2CF84 /* CategoriesVM.swift in Sources */,
				50394C6520EA49D50079575D /* GaleryParentVC.swift in Sources */,
				507DFB082164E1260008407B /* AwsUploadService.swift in Sources */,
				50394C6720EA4A660079575D /* GaleryChildVC.swift in Sources */,
				5053847A2121AD1C00D12BE4 /* MediaPickerVC.swift in Sources */,
				5032D88D20EE24C000B259BA /* GalleryCell.swift in Sources */,
				5084C8DA2136E69B00B56720 /* StringExtensions.swift in Sources */,
				50CCDB4A21146F9D00F7279E /* CategoryCell.swift in Sources */,
				50CCDB57211B0F2700F7279E /* CreateCampaignStep3.swift in Sources */,
				50CCDB4D211AFC7600F7279E /* NibView.swift in Sources */,
				504F47D420E6323D005FF749 /* CampaignListCell.swift in Sources */,
				5019AD33213FC1D9009F07E3 /* UploadInfo.swift in Sources */,
				50CCDB51211B028B00F7279E /* CreateCampaignStep1.swift in Sources */,
				50E11F322199824A0019C4BC /* ProfileContentStateVC.swift in Sources */,
				50394C5D20EA347F0079575D /* HelpCircleImageView.swift in Sources */,
				504F47B720E3D4B8005FF749 /* ApiService.swift in Sources */,
				50E11F35219984040019C4BC /* ViewControllerExtensions.swift in Sources */,
				50E11F2421959F720019C4BC /* AccessToken.swift in Sources */,
			);
			runOnlyForDeploymentPostprocessing = 0;
		};
		5040F0B620D7EA970030183D /* Sources */ = {
			isa = PBXSourcesBuildPhase;
			buildActionMask = 2147483647;
			files = (
				5040F0BF20D7EA970030183D /* GoHelpFund_PlatformTests.swift in Sources */,
			);
			runOnlyForDeploymentPostprocessing = 0;
		};
/* End PBXSourcesBuildPhase section */

/* Begin PBXTargetDependency section */
		5040F0BC20D7EA970030183D /* PBXTargetDependency */ = {
			isa = PBXTargetDependency;
			target = 5040F0A520D7EA970030183D /* GoHelpFund-Platform */;
			targetProxy = 5040F0BB20D7EA970030183D /* PBXContainerItemProxy */;
		};
/* End PBXTargetDependency section */

/* Begin PBXVariantGroup section */
		5040F0AD20D7EA970030183D /* Dashboard.storyboard */ = {
			isa = PBXVariantGroup;
			children = (
				5040F0AE20D7EA970030183D /* Base */,
			);
			name = Dashboard.storyboard;
			sourceTree = "<group>";
		};
		5040F0B220D7EA970030183D /* LaunchScreen.storyboard */ = {
			isa = PBXVariantGroup;
			children = (
				5040F0B320D7EA970030183D /* Base */,
			);
			name = LaunchScreen.storyboard;
			sourceTree = "<group>";
		};
/* End PBXVariantGroup section */

/* Begin XCBuildConfiguration section */
		50390ED2214927BC0083A13B /* Debug */ = {
			isa = XCBuildConfiguration;
			baseConfigurationReference = 6349588126B2C16272A51A4F /* Pods-Dep-GoHelpFund-Platform-Dev.debug.xcconfig */;
			buildSettings = {
				ASSETCATALOG_COMPILER_APPICON_NAME = "AppIcon-Dev";
				CODE_SIGN_STYLE = Automatic;
				DEBUG_INFORMATION_FORMAT = "dwarf-with-dsym";
				DEVELOPMENT_TEAM = N5N9SFP2NP;
				ENABLE_BITCODE = NO;
				INFOPLIST_FILE = "GoHelpFund-Platform-Dev-Info.plist";
				LD_RUNPATH_SEARCH_PATHS = "$(inherited) @executable_path/Frameworks";
				OTHER_SWIFT_FLAGS = "$(inherited) \"-D\" \"COCOAPODS\" -DDEVELOPMENT";
				PRODUCT_BUNDLE_IDENTIFIER = "com.gohelpfund.GoHelpFund-Dev";
				PRODUCT_NAME = "$(TARGET_NAME)";
				SWIFT_VERSION = 4.0;
				TARGETED_DEVICE_FAMILY = "1,2";
			};
			name = Debug;
		};
		50390ED3214927BC0083A13B /* Release */ = {
			isa = XCBuildConfiguration;
			baseConfigurationReference = 56ED2270E8C2FD61D38C0303 /* Pods-Dep-GoHelpFund-Platform-Dev.release.xcconfig */;
			buildSettings = {
				ASSETCATALOG_COMPILER_APPICON_NAME = "AppIcon-Dev";
				CODE_SIGN_STYLE = Automatic;
				DEVELOPMENT_TEAM = N5N9SFP2NP;
				ENABLE_BITCODE = NO;
				INFOPLIST_FILE = "GoHelpFund-Platform-Dev-Info.plist";
				LD_RUNPATH_SEARCH_PATHS = "$(inherited) @executable_path/Frameworks";
				OTHER_SWIFT_FLAGS = "$(inherited) \"-D\" \"COCOAPODS\" -DDEVELOPMENT";
				PRODUCT_BUNDLE_IDENTIFIER = "com.gohelpfund.GoHelpFund-Dev";
				PRODUCT_NAME = "$(TARGET_NAME)";
				SWIFT_VERSION = 4.0;
				TARGETED_DEVICE_FAMILY = "1,2";
			};
			name = Release;
		};
		5040F0C120D7EA970030183D /* Debug */ = {
			isa = XCBuildConfiguration;
			buildSettings = {
				ALWAYS_SEARCH_USER_PATHS = NO;
				CLANG_ANALYZER_NONNULL = YES;
				CLANG_ANALYZER_NUMBER_OBJECT_CONVERSION = YES_AGGRESSIVE;
				CLANG_CXX_LANGUAGE_STANDARD = "gnu++14";
				CLANG_CXX_LIBRARY = "libc++";
				CLANG_ENABLE_MODULES = YES;
				CLANG_ENABLE_OBJC_ARC = YES;
				CLANG_WARN_BLOCK_CAPTURE_AUTORELEASING = YES;
				CLANG_WARN_BOOL_CONVERSION = YES;
				CLANG_WARN_COMMA = YES;
				CLANG_WARN_CONSTANT_CONVERSION = YES;
				CLANG_WARN_DIRECT_OBJC_ISA_USAGE = YES_ERROR;
				CLANG_WARN_DOCUMENTATION_COMMENTS = YES;
				CLANG_WARN_EMPTY_BODY = YES;
				CLANG_WARN_ENUM_CONVERSION = YES;
				CLANG_WARN_INFINITE_RECURSION = YES;
				CLANG_WARN_INT_CONVERSION = YES;
				CLANG_WARN_NON_LITERAL_NULL_CONVERSION = YES;
				CLANG_WARN_OBJC_LITERAL_CONVERSION = YES;
				CLANG_WARN_OBJC_ROOT_CLASS = YES_ERROR;
				CLANG_WARN_RANGE_LOOP_ANALYSIS = YES;
				CLANG_WARN_STRICT_PROTOTYPES = YES;
				CLANG_WARN_SUSPICIOUS_MOVE = YES;
				CLANG_WARN_UNGUARDED_AVAILABILITY = YES_AGGRESSIVE;
				CLANG_WARN_UNREACHABLE_CODE = YES;
				CLANG_WARN__DUPLICATE_METHOD_MATCH = YES;
				CODE_SIGN_IDENTITY = "iPhone Developer";
				COPY_PHASE_STRIP = NO;
				DEBUG_INFORMATION_FORMAT = dwarf;
				ENABLE_STRICT_OBJC_MSGSEND = YES;
				ENABLE_TESTABILITY = YES;
				GCC_C_LANGUAGE_STANDARD = gnu11;
				GCC_DYNAMIC_NO_PIC = NO;
				GCC_NO_COMMON_BLOCKS = YES;
				GCC_OPTIMIZATION_LEVEL = 0;
				GCC_PREPROCESSOR_DEFINITIONS = (
					"DEBUG=1",
					"$(inherited)",
				);
				GCC_WARN_64_TO_32_BIT_CONVERSION = YES;
				GCC_WARN_ABOUT_RETURN_TYPE = YES_ERROR;
				GCC_WARN_UNDECLARED_SELECTOR = YES;
				GCC_WARN_UNINITIALIZED_AUTOS = YES_AGGRESSIVE;
				GCC_WARN_UNUSED_FUNCTION = YES;
				GCC_WARN_UNUSED_VARIABLE = YES;
				IPHONEOS_DEPLOYMENT_TARGET = 11.2;
				MTL_ENABLE_DEBUG_INFO = YES;
				ONLY_ACTIVE_ARCH = YES;
				SDKROOT = iphoneos;
				SWIFT_ACTIVE_COMPILATION_CONDITIONS = DEBUG;
				SWIFT_OPTIMIZATION_LEVEL = "-Onone";
			};
			name = Debug;
		};
		5040F0C220D7EA970030183D /* Release */ = {
			isa = XCBuildConfiguration;
			buildSettings = {
				ALWAYS_SEARCH_USER_PATHS = NO;
				CLANG_ANALYZER_NONNULL = YES;
				CLANG_ANALYZER_NUMBER_OBJECT_CONVERSION = YES_AGGRESSIVE;
				CLANG_CXX_LANGUAGE_STANDARD = "gnu++14";
				CLANG_CXX_LIBRARY = "libc++";
				CLANG_ENABLE_MODULES = YES;
				CLANG_ENABLE_OBJC_ARC = YES;
				CLANG_WARN_BLOCK_CAPTURE_AUTORELEASING = YES;
				CLANG_WARN_BOOL_CONVERSION = YES;
				CLANG_WARN_COMMA = YES;
				CLANG_WARN_CONSTANT_CONVERSION = YES;
				CLANG_WARN_DIRECT_OBJC_ISA_USAGE = YES_ERROR;
				CLANG_WARN_DOCUMENTATION_COMMENTS = YES;
				CLANG_WARN_EMPTY_BODY = YES;
				CLANG_WARN_ENUM_CONVERSION = YES;
				CLANG_WARN_INFINITE_RECURSION = YES;
				CLANG_WARN_INT_CONVERSION = YES;
				CLANG_WARN_NON_LITERAL_NULL_CONVERSION = YES;
				CLANG_WARN_OBJC_LITERAL_CONVERSION = YES;
				CLANG_WARN_OBJC_ROOT_CLASS = YES_ERROR;
				CLANG_WARN_RANGE_LOOP_ANALYSIS = YES;
				CLANG_WARN_STRICT_PROTOTYPES = YES;
				CLANG_WARN_SUSPICIOUS_MOVE = YES;
				CLANG_WARN_UNGUARDED_AVAILABILITY = YES_AGGRESSIVE;
				CLANG_WARN_UNREACHABLE_CODE = YES;
				CLANG_WARN__DUPLICATE_METHOD_MATCH = YES;
				CODE_SIGN_IDENTITY = "iPhone Developer";
				COPY_PHASE_STRIP = NO;
				DEBUG_INFORMATION_FORMAT = "dwarf-with-dsym";
				ENABLE_NS_ASSERTIONS = NO;
				ENABLE_STRICT_OBJC_MSGSEND = YES;
				GCC_C_LANGUAGE_STANDARD = gnu11;
				GCC_NO_COMMON_BLOCKS = YES;
				GCC_WARN_64_TO_32_BIT_CONVERSION = YES;
				GCC_WARN_ABOUT_RETURN_TYPE = YES_ERROR;
				GCC_WARN_UNDECLARED_SELECTOR = YES;
				GCC_WARN_UNINITIALIZED_AUTOS = YES_AGGRESSIVE;
				GCC_WARN_UNUSED_FUNCTION = YES;
				GCC_WARN_UNUSED_VARIABLE = YES;
				IPHONEOS_DEPLOYMENT_TARGET = 11.2;
				MTL_ENABLE_DEBUG_INFO = NO;
				SDKROOT = iphoneos;
				SWIFT_OPTIMIZATION_LEVEL = "-Owholemodule";
				VALIDATE_PRODUCT = YES;
			};
			name = Release;
		};
		5040F0C420D7EA970030183D /* Debug */ = {
			isa = XCBuildConfiguration;
			baseConfigurationReference = EB2C6B4DF54F5B6C3620E5D6 /* Pods-Dep-GoHelpFund-Platform.debug.xcconfig */;
			buildSettings = {
				ASSETCATALOG_COMPILER_APPICON_NAME = AppIcon;
				CODE_SIGN_STYLE = Automatic;
				DEBUG_INFORMATION_FORMAT = "dwarf-with-dsym";
				DEVELOPMENT_TEAM = N5N9SFP2NP;
				ENABLE_BITCODE = NO;
				INFOPLIST_FILE = "GoHelpFund-Platform/Info.plist";
				LD_RUNPATH_SEARCH_PATHS = "$(inherited) @executable_path/Frameworks";
				OTHER_SWIFT_FLAGS = "$(inherited) \"-D\" \"COCOAPODS\"";
				PRODUCT_BUNDLE_IDENTIFIER = com.gohelpfund.GoHelpFund;
				PRODUCT_NAME = "$(TARGET_NAME)";
				SWIFT_VERSION = 4.0;
				TARGETED_DEVICE_FAMILY = "1,2";
			};
			name = Debug;
		};
		5040F0C520D7EA970030183D /* Release */ = {
			isa = XCBuildConfiguration;
			baseConfigurationReference = D01EB5C095E966201E9D8D90 /* Pods-Dep-GoHelpFund-Platform.release.xcconfig */;
			buildSettings = {
				ASSETCATALOG_COMPILER_APPICON_NAME = AppIcon;
				CODE_SIGN_STYLE = Automatic;
				DEVELOPMENT_TEAM = N5N9SFP2NP;
				ENABLE_BITCODE = NO;
				INFOPLIST_FILE = "GoHelpFund-Platform/Info.plist";
				LD_RUNPATH_SEARCH_PATHS = "$(inherited) @executable_path/Frameworks";
				OTHER_SWIFT_FLAGS = "$(inherited) \"-D\" \"COCOAPODS\"";
				PRODUCT_BUNDLE_IDENTIFIER = com.gohelpfund.GoHelpFund;
				PRODUCT_NAME = "$(TARGET_NAME)";
				SWIFT_VERSION = 4.0;
				TARGETED_DEVICE_FAMILY = "1,2";
			};
			name = Release;
		};
		5040F0C720D7EA970030183D /* Debug */ = {
			isa = XCBuildConfiguration;
			buildSettings = {
				ALWAYS_EMBED_SWIFT_STANDARD_LIBRARIES = YES;
				BUNDLE_LOADER = "$(TEST_HOST)";
				CODE_SIGN_STYLE = Automatic;
				DEVELOPMENT_TEAM = N5N9SFP2NP;
				INFOPLIST_FILE = "GoHelpFund-PlatformTests/Info.plist";
				LD_RUNPATH_SEARCH_PATHS = "$(inherited) @executable_path/Frameworks @loader_path/Frameworks";
				PRODUCT_BUNDLE_IDENTIFIER = "co.cacheOverflow.GoHelpFund-PlatformTests";
				PRODUCT_NAME = "$(TARGET_NAME)";
				SWIFT_VERSION = 4.0;
				TARGETED_DEVICE_FAMILY = "1,2";
				TEST_HOST = "$(BUILT_PRODUCTS_DIR)/GoHelpFund-Platform.app/GoHelpFund-Platform";
			};
			name = Debug;
		};
		5040F0C820D7EA970030183D /* Release */ = {
			isa = XCBuildConfiguration;
			buildSettings = {
				ALWAYS_EMBED_SWIFT_STANDARD_LIBRARIES = YES;
				BUNDLE_LOADER = "$(TEST_HOST)";
				CODE_SIGN_STYLE = Automatic;
				DEVELOPMENT_TEAM = N5N9SFP2NP;
				INFOPLIST_FILE = "GoHelpFund-PlatformTests/Info.plist";
				LD_RUNPATH_SEARCH_PATHS = "$(inherited) @executable_path/Frameworks @loader_path/Frameworks";
				PRODUCT_BUNDLE_IDENTIFIER = "co.cacheOverflow.GoHelpFund-PlatformTests";
				PRODUCT_NAME = "$(TARGET_NAME)";
				SWIFT_VERSION = 4.0;
				TARGETED_DEVICE_FAMILY = "1,2";
				TEST_HOST = "$(BUILT_PRODUCTS_DIR)/GoHelpFund-Platform.app/GoHelpFund-Platform";
			};
			name = Release;
		};
/* End XCBuildConfiguration section */

/* Begin XCConfigurationList section */
		50390ED1214927BC0083A13B /* Build configuration list for PBXNativeTarget "GoHelpFund-Platform-Dev" */ = {
			isa = XCConfigurationList;
			buildConfigurations = (
				50390ED2214927BC0083A13B /* Debug */,
				50390ED3214927BC0083A13B /* Release */,
			);
			defaultConfigurationIsVisible = 0;
			defaultConfigurationName = Release;
		};
		5040F0A120D7EA970030183D /* Build configuration list for PBXProject "GoHelpFund-Platform" */ = {
			isa = XCConfigurationList;
			buildConfigurations = (
				5040F0C120D7EA970030183D /* Debug */,
				5040F0C220D7EA970030183D /* Release */,
			);
			defaultConfigurationIsVisible = 0;
			defaultConfigurationName = Release;
		};
		5040F0C320D7EA970030183D /* Build configuration list for PBXNativeTarget "GoHelpFund-Platform" */ = {
			isa = XCConfigurationList;
			buildConfigurations = (
				5040F0C420D7EA970030183D /* Debug */,
				5040F0C520D7EA970030183D /* Release */,
			);
			defaultConfigurationIsVisible = 0;
			defaultConfigurationName = Release;
		};
		5040F0C620D7EA970030183D /* Build configuration list for PBXNativeTarget "GoHelpFund-PlatformTests" */ = {
			isa = XCConfigurationList;
			buildConfigurations = (
				5040F0C720D7EA970030183D /* Debug */,
				5040F0C820D7EA970030183D /* Release */,
			);
			defaultConfigurationIsVisible = 0;
			defaultConfigurationName = Release;
		};
/* End XCConfigurationList section */
	};
	rootObject = 5040F09E20D7EA970030183D /* Project object */;
}
